// !$*UTF8*$!
{
	archiveVersion = 1;
	classes = {
	};
	objectVersion = 56;
	objects = {

/* Begin PBXBuildFile section */
		D90387D029F195400074F135 /* CapteeViewModelTests.swift in Sources */ = {isa = PBXBuildFile; fileRef = D90387CF29F195400074F135 /* CapteeViewModelTests.swift */; };
		D9057B3A29CCD1360001B4FC /* CXURLFieldValidator.swift in Sources */ = {isa = PBXBuildFile; fileRef = D9057B3929CCD1360001B4FC /* CXURLFieldValidator.swift */; };
		D9057B3C29CCD1C80001B4FC /* CXTitleFieldValidator.swift in Sources */ = {isa = PBXBuildFile; fileRef = D9057B3B29CCD1C80001B4FC /* CXTitleFieldValidator.swift */; };
		D9057B3E29CCD20D0001B4FC /* CXTemplateFieldValidator.swift in Sources */ = {isa = PBXBuildFile; fileRef = D9057B3D29CCD20D0001B4FC /* CXTemplateFieldValidator.swift */; };
		D90972602A133BBF0061F711 /* AttributedStringUtils.swift in Sources */ = {isa = PBXBuildFile; fileRef = D909725F2A133BBF0061F711 /* AttributedStringUtils.swift */; };
		D926B19029F88EA200A11CA3 /* Captee.help in Resources */ = {isa = PBXBuildFile; fileRef = D9DA578E29F88A6600FB7333 /* Captee.help */; };
		D92774AC29B94AA500A15CC9 /* Share2EmacsUtils.swift in Sources */ = {isa = PBXBuildFile; fileRef = D92774AB29B94AA500A15CC9 /* Share2EmacsUtils.swift */; };
		D92E0FAC2A04665400F13B86 /* OrgTemplateView.swift in Sources */ = {isa = PBXBuildFile; fileRef = D92E0FAB2A04665400F13B86 /* OrgTemplateView.swift */; };
		D92E0FAE2A0469E300F13B86 /* OrgTitleView.swift in Sources */ = {isa = PBXBuildFile; fileRef = D92E0FAD2A0469E300F13B86 /* OrgTitleView.swift */; };
		D92E0FB02A046A7100F13B86 /* OrgURLView.swift in Sources */ = {isa = PBXBuildFile; fileRef = D92E0FAF2A046A7100F13B86 /* OrgURLView.swift */; };
		D92E0FB22A046AD700F13B86 /* OrgBodyView.swift in Sources */ = {isa = PBXBuildFile; fileRef = D92E0FB12A046AD700F13B86 /* OrgBodyView.swift */; };
		D92E0FB42A046B3C00F13B86 /* OrgProtocolPickerView.swift in Sources */ = {isa = PBXBuildFile; fileRef = D92E0FB32A046B3C00F13B86 /* OrgProtocolPickerView.swift */; };
		D931DF2B29CD087200421EC8 /* CXTextViewValidator.swift in Sources */ = {isa = PBXBuildFile; fileRef = D931DF2A29CD087200421EC8 /* CXTextViewValidator.swift */; };
		D9620DE32A0C8DA100C971A8 /* MarkupProtocol.swift in Sources */ = {isa = PBXBuildFile; fileRef = D9620DE22A0C8DA100C971A8 /* MarkupProtocol.swift */; };
		D9620DE52A0C8DF800C971A8 /* MarkdownDialect.swift in Sources */ = {isa = PBXBuildFile; fileRef = D9620DE42A0C8DF800C971A8 /* MarkdownDialect.swift */; };
		D9620DE72A0C8E2500C971A8 /* OrgDialect.swift in Sources */ = {isa = PBXBuildFile; fileRef = D9620DE62A0C8E2500C971A8 /* OrgDialect.swift */; };
		D9620DE92A0C8E7800C971A8 /* AttributedStringToMarkupProtocol.swift in Sources */ = {isa = PBXBuildFile; fileRef = D9620DE82A0C8E7800C971A8 /* AttributedStringToMarkupProtocol.swift */; };
		D9620DEB2A0C905800C971A8 /* TranslateAttributedStringToMarkup.swift in Sources */ = {isa = PBXBuildFile; fileRef = D9620DEA2A0C905800C971A8 /* TranslateAttributedStringToMarkup.swift */; };
		D9620DED2A0C911000C971A8 /* TranslateNSAttributedStringToMarkup.swift in Sources */ = {isa = PBXBuildFile; fileRef = D9620DEC2A0C911000C971A8 /* TranslateNSAttributedStringToMarkup.swift */; };
		D96459A229D35885002CC78E /* Localizable.strings in Resources */ = {isa = PBXBuildFile; fileRef = D96459A429D35885002CC78E /* Localizable.strings */; };
		D96459A629D35F31002CC78E /* Constants.swift in Sources */ = {isa = PBXBuildFile; fileRef = D96459A529D35F31002CC78E /* Constants.swift */; };
		D96459A829D382C9002CC78E /* AppDelegate.swift in Sources */ = {isa = PBXBuildFile; fileRef = D96459A729D382C9002CC78E /* AppDelegate.swift */; };
		D971A71629A819C00029F6F6 /* CAPTextEditor.swift in Sources */ = {isa = PBXBuildFile; fileRef = D971A71529A819C00029F6F6 /* CAPTextEditor.swift */; };
		D973BB7F29D2054500B29126 /* OrgProtocolType.swift in Sources */ = {isa = PBXBuildFile; fileRef = D973BB7E29D2054500B29126 /* OrgProtocolType.swift */; };
		D973BB8129D2056000B29126 /* MarkupFormat.swift in Sources */ = {isa = PBXBuildFile; fileRef = D973BB8029D2056000B29126 /* MarkupFormat.swift */; };
		D973BB8429D205A900B29126 /* PayloadType.swift in Sources */ = {isa = PBXBuildFile; fileRef = D973BB8329D205A900B29126 /* PayloadType.swift */; };
		D973BB8629D205D800B29126 /* TransmitType.swift in Sources */ = {isa = PBXBuildFile; fileRef = D973BB8529D205D800B29126 /* TransmitType.swift */; };
		D973BB8929D206A400B29126 /* CapteePayload.swift in Sources */ = {isa = PBXBuildFile; fileRef = D973BB8829D206A400B29126 /* CapteePayload.swift */; };
		D973BB8B29D206D900B29126 /* CapteePersistenceProtocol.swift in Sources */ = {isa = PBXBuildFile; fileRef = D973BB8A29D206D900B29126 /* CapteePersistenceProtocol.swift */; };
		D9768B5A2A0AC0E7000BAE04 /* AttributedStringToMarkup.swift in Sources */ = {isa = PBXBuildFile; fileRef = D9768B592A0AC0E7000BAE04 /* AttributedStringToMarkup.swift */; };
		D9768B5C2A0AC354000BAE04 /* AttributedStringToMarkupTests.swift in Sources */ = {isa = PBXBuildFile; fileRef = D9768B5B2A0AC354000BAE04 /* AttributedStringToMarkupTests.swift */; };
		D978B8ED299BFCB800C00D0B /* CapteeApp.swift in Sources */ = {isa = PBXBuildFile; fileRef = D978B8EC299BFCB800C00D0B /* CapteeApp.swift */; };
		D978B8EF299BFCB800C00D0B /* ContentView.swift in Sources */ = {isa = PBXBuildFile; fileRef = D978B8EE299BFCB800C00D0B /* ContentView.swift */; };
		D978B8F1299BFCB900C00D0B /* Assets.xcassets in Resources */ = {isa = PBXBuildFile; fileRef = D978B8F0299BFCB900C00D0B /* Assets.xcassets */; };
		D978B8F4299BFCB900C00D0B /* Preview Assets.xcassets in Resources */ = {isa = PBXBuildFile; fileRef = D978B8F3299BFCB900C00D0B /* Preview Assets.xcassets */; };
		D978B8FF299BFCB900C00D0B /* CapteeTests.swift in Sources */ = {isa = PBXBuildFile; fileRef = D978B8FE299BFCB900C00D0B /* CapteeTests.swift */; };
		D978B909299BFCB900C00D0B /* CapteeUITests.swift in Sources */ = {isa = PBXBuildFile; fileRef = D978B908299BFCB900C00D0B /* CapteeUITests.swift */; };
		D978B90B299BFCB900C00D0B /* CapteeUITestsLaunchTests.swift in Sources */ = {isa = PBXBuildFile; fileRef = D978B90A299BFCB900C00D0B /* CapteeUITestsLaunchTests.swift */; };
		D978B91E299BFD1000C00D0B /* icon.icns in Resources */ = {isa = PBXBuildFile; fileRef = D978B91D299BFD1000C00D0B /* icon.icns */; };
		D978B928299BFD1000C00D0B /* Share2Emacs.appex in Embed Foundation Extensions */ = {isa = PBXBuildFile; fileRef = D978B91B299BFD1000C00D0B /* Share2Emacs.appex */; settings = {ATTRIBUTES = (RemoveHeadersOnCopy, ); }; };
		D978B92E299C096800C00D0B /* ExtensionClass.js in Resources */ = {isa = PBXBuildFile; fileRef = D978B92D299C096800C00D0B /* ExtensionClass.js */; };
		D985493629B6CB8300D41F24 /* CapteeXPCService.xpc in CopyFiles */ = {isa = PBXBuildFile; fileRef = D9F6EC9429B696B4004E0040 /* CapteeXPCService.xpc */; settings = {ATTRIBUTES = (RemoveHeadersOnCopy, ); }; };
		D985493829B6CB9900D41F24 /* CapteeXPCService.xpc in CopyFiles */ = {isa = PBXBuildFile; fileRef = D9F6EC9429B696B4004E0040 /* CapteeXPCService.xpc */; settings = {ATTRIBUTES = (RemoveHeadersOnCopy, ); }; };
		D9BFE92B29CA319F005F0970 /* Share2EmacsViewController.swift in Sources */ = {isa = PBXBuildFile; fileRef = D9BFE92A29CA319F005F0970 /* Share2EmacsViewController.swift */; };
		D9BFE93129CA3B13005F0970 /* Share2EmacsViewController.xib in Resources */ = {isa = PBXBuildFile; fileRef = D9BFE93029CA3B13005F0970 /* Share2EmacsViewController.xib */; };
		D9BFE93729CA54F4005F0970 /* CXUtils.swift in Sources */ = {isa = PBXBuildFile; fileRef = D9BFE93629CA54F4005F0970 /* CXUtils.swift */; };
		D9BFE93B29CA8DFB005F0970 /* CXScrollableTextView.swift in Sources */ = {isa = PBXBuildFile; fileRef = D9BFE93A29CA8DFB005F0970 /* CXScrollableTextView.swift */; };
		D9BFE93D29CADEE6005F0970 /* CXRadioPicker.swift in Sources */ = {isa = PBXBuildFile; fileRef = D9BFE93C29CADEE6005F0970 /* CXRadioPicker.swift */; };
		D9BFE93F29CADF57005F0970 /* CXRadioPicker.xib in Resources */ = {isa = PBXBuildFile; fileRef = D9BFE93E29CADF57005F0970 /* CXRadioPicker.xib */; };
		D9BFE94429CB8985005F0970 /* ShareCXCoordinator.swift in Sources */ = {isa = PBXBuildFile; fileRef = D9BFE94329CB8985005F0970 /* ShareCXCoordinator.swift */; };
		D9BFE94629CBA515005F0970 /* CXRadioPickerMaps.swift in Sources */ = {isa = PBXBuildFile; fileRef = D9BFE94529CBA515005F0970 /* CXRadioPickerMaps.swift */; };
		D9BFE94A29CC06E0005F0970 /* ConnectionManager.swift in Sources */ = {isa = PBXBuildFile; fileRef = D9DDD1ED29B6A18E00F04224 /* ConnectionManager.swift */; };
		D9BFE94C29CC070B005F0970 /* CapteeXPCServiceProtocol.swift in Sources */ = {isa = PBXBuildFile; fileRef = D9BFE94B29CC070A005F0970 /* CapteeXPCServiceProtocol.swift */; };
		D9BFE95229CC16A1005F0970 /* CapteeViewModel.swift in Sources */ = {isa = PBXBuildFile; fileRef = D9E9311C29B0156600348A7B /* CapteeViewModel.swift */; };
		D9BFE95329CC16DC005F0970 /* CapteeUtils.swift in Sources */ = {isa = PBXBuildFile; fileRef = D92774AD29B94BF400A15CC9 /* CapteeUtils.swift */; };
		D9D120C02A130E3E0085237B /* MarkupDialectTests.swift in Sources */ = {isa = PBXBuildFile; fileRef = D9D120BF2A130E3E0085237B /* MarkupDialectTests.swift */; };
		D9D6BC1729B7F79400B9416C /* CapteeManagerProtocol.swift in Sources */ = {isa = PBXBuildFile; fileRef = D9D6BC1629B7F79400B9416C /* CapteeManagerProtocol.swift */; };
		D9D6BC1929B7F87800B9416C /* CapteeManager+CapteeManagerProtocol.swift in Sources */ = {isa = PBXBuildFile; fileRef = D9D6BC1829B7F87800B9416C /* CapteeManager+CapteeManagerProtocol.swift */; };
		D9D6BC1B29B7F8BD00B9416C /* CapteeManager+CapteeePersistenceProtocol.swift in Sources */ = {isa = PBXBuildFile; fileRef = D9D6BC1A29B7F8BD00B9416C /* CapteeManager+CapteeePersistenceProtocol.swift */; };
		D9F36E1B29A5464E00C17E5A /* CapteeKit.docc in Sources */ = {isa = PBXBuildFile; fileRef = D9F36E1A29A5464E00C17E5A /* CapteeKit.docc */; };
		D9F36E2129A5464E00C17E5A /* CapteeKit.framework in Frameworks */ = {isa = PBXBuildFile; fileRef = D9F36E1729A5464E00C17E5A /* CapteeKit.framework */; };
		D9F36E2829A5464F00C17E5A /* CapteeKitTests.swift in Sources */ = {isa = PBXBuildFile; fileRef = D9F36E2729A5464F00C17E5A /* CapteeKitTests.swift */; };
		D9F36E2929A5464F00C17E5A /* CapteeKit.h in Headers */ = {isa = PBXBuildFile; fileRef = D9F36E1929A5464E00C17E5A /* CapteeKit.h */; settings = {ATTRIBUTES = (Public, ); }; };
		D9F36E2C29A5464F00C17E5A /* CapteeKit.framework in Frameworks */ = {isa = PBXBuildFile; fileRef = D9F36E1729A5464E00C17E5A /* CapteeKit.framework */; };
		D9F36E2D29A5464F00C17E5A /* CapteeKit.framework in Embed Frameworks */ = {isa = PBXBuildFile; fileRef = D9F36E1729A5464E00C17E5A /* CapteeKit.framework */; settings = {ATTRIBUTES = (CodeSignOnCopy, RemoveHeadersOnCopy, ); }; };
		D9F36E3629A546ED00C17E5A /* CapteeKit.framework in Copy Frameworks */ = {isa = PBXBuildFile; fileRef = D9F36E1729A5464E00C17E5A /* CapteeKit.framework */; settings = {ATTRIBUTES = (CodeSignOnCopy, RemoveHeadersOnCopy, ); }; };
		D9F36E3829A5472F00C17E5A /* CapteeManager.swift in Sources */ = {isa = PBXBuildFile; fileRef = D9F36E3729A5472F00C17E5A /* CapteeManager.swift */; };
		D9F6EC9729B696B4004E0040 /* CapteeXPCServiceProtocol.swift in Sources */ = {isa = PBXBuildFile; fileRef = D9F6EC9629B696B4004E0040 /* CapteeXPCServiceProtocol.swift */; };
		D9F6EC9929B696B4004E0040 /* CapteeXPCService.swift in Sources */ = {isa = PBXBuildFile; fileRef = D9F6EC9829B696B4004E0040 /* CapteeXPCService.swift */; };
		D9F6EC9B29B696B4004E0040 /* main.swift in Sources */ = {isa = PBXBuildFile; fileRef = D9F6EC9A29B696B4004E0040 /* main.swift */; };
/* End PBXBuildFile section */

/* Begin PBXContainerItemProxy section */
		D978B8FB299BFCB900C00D0B /* PBXContainerItemProxy */ = {
			isa = PBXContainerItemProxy;
			containerPortal = D978B8E1299BFCB800C00D0B /* Project object */;
			proxyType = 1;
			remoteGlobalIDString = D978B8E8299BFCB800C00D0B;
			remoteInfo = Captee;
		};
		D978B905299BFCB900C00D0B /* PBXContainerItemProxy */ = {
			isa = PBXContainerItemProxy;
			containerPortal = D978B8E1299BFCB800C00D0B /* Project object */;
			proxyType = 1;
			remoteGlobalIDString = D978B8E8299BFCB800C00D0B;
			remoteInfo = Captee;
		};
		D978B926299BFD1000C00D0B /* PBXContainerItemProxy */ = {
			isa = PBXContainerItemProxy;
			containerPortal = D978B8E1299BFCB800C00D0B /* Project object */;
			proxyType = 1;
			remoteGlobalIDString = D978B91A299BFD1000C00D0B;
			remoteInfo = Share2Emacs;
		};
		D9F36E2229A5464E00C17E5A /* PBXContainerItemProxy */ = {
			isa = PBXContainerItemProxy;
			containerPortal = D978B8E1299BFCB800C00D0B /* Project object */;
			proxyType = 1;
			remoteGlobalIDString = D9F36E1629A5464E00C17E5A;
			remoteInfo = CapteeKit;
		};
		D9F36E2429A5464E00C17E5A /* PBXContainerItemProxy */ = {
			isa = PBXContainerItemProxy;
			containerPortal = D978B8E1299BFCB800C00D0B /* Project object */;
			proxyType = 1;
			remoteGlobalIDString = D978B8E8299BFCB800C00D0B;
			remoteInfo = Captee;
		};
		D9F36E2A29A5464F00C17E5A /* PBXContainerItemProxy */ = {
			isa = PBXContainerItemProxy;
			containerPortal = D978B8E1299BFCB800C00D0B /* Project object */;
			proxyType = 1;
			remoteGlobalIDString = D9F36E1629A5464E00C17E5A;
			remoteInfo = CapteeKit;
		};
		D9F6EC9D29B696B4004E0040 /* PBXContainerItemProxy */ = {
			isa = PBXContainerItemProxy;
			containerPortal = D978B8E1299BFCB800C00D0B /* Project object */;
			proxyType = 1;
			remoteGlobalIDString = D9F6EC9329B696B4004E0040;
			remoteInfo = CapteeXPCService;
		};
		D9F6ECA629B69A49004E0040 /* PBXContainerItemProxy */ = {
			isa = PBXContainerItemProxy;
			containerPortal = D978B8E1299BFCB800C00D0B /* Project object */;
			proxyType = 1;
			remoteGlobalIDString = D9F6EC9329B696B4004E0040;
			remoteInfo = CapteeXPCService;
		};
/* End PBXContainerItemProxy section */

/* Begin PBXCopyFilesBuildPhase section */
		D978B92C299BFD1000C00D0B /* Embed Foundation Extensions */ = {
			isa = PBXCopyFilesBuildPhase;
			buildActionMask = 2147483647;
			dstPath = "";
			dstSubfolderSpec = 13;
			files = (
				D978B928299BFD1000C00D0B /* Share2Emacs.appex in Embed Foundation Extensions */,
			);
			name = "Embed Foundation Extensions";
			runOnlyForDeploymentPostprocessing = 0;
		};
		D985493529B6CB7900D41F24 /* CopyFiles */ = {
			isa = PBXCopyFilesBuildPhase;
			buildActionMask = 2147483647;
			dstPath = "$(CONTENTS_FOLDER_PATH)/XPCServices";
			dstSubfolderSpec = 16;
			files = (
				D985493629B6CB8300D41F24 /* CapteeXPCService.xpc in CopyFiles */,
			);
			runOnlyForDeploymentPostprocessing = 0;
		};
		D985493729B6CB9100D41F24 /* CopyFiles */ = {
			isa = PBXCopyFilesBuildPhase;
			buildActionMask = 2147483647;
			dstPath = "$(CONTENTS_FOLDER_PATH)/XPCServices";
			dstSubfolderSpec = 16;
			files = (
				D985493829B6CB9900D41F24 /* CapteeXPCService.xpc in CopyFiles */,
			);
			runOnlyForDeploymentPostprocessing = 0;
		};
		D9F36E2E29A5464F00C17E5A /* Embed Frameworks */ = {
			isa = PBXCopyFilesBuildPhase;
			buildActionMask = 12;
			dstPath = "";
			dstSubfolderSpec = 10;
			files = (
				D9F36E2D29A5464F00C17E5A /* CapteeKit.framework in Embed Frameworks */,
			);
			name = "Embed Frameworks";
			runOnlyForDeploymentPostprocessing = 0;
		};
		D9F36E3529A546DA00C17E5A /* Copy Frameworks */ = {
			isa = PBXCopyFilesBuildPhase;
			buildActionMask = 12;
			dstPath = "";
			dstSubfolderSpec = 10;
			files = (
				D9F36E3629A546ED00C17E5A /* CapteeKit.framework in Copy Frameworks */,
			);
			name = "Copy Frameworks";
			runOnlyForDeploymentPostprocessing = 0;
		};
/* End PBXCopyFilesBuildPhase section */

/* Begin PBXFileReference section */
		D90387CF29F195400074F135 /* CapteeViewModelTests.swift */ = {isa = PBXFileReference; lastKnownFileType = sourcecode.swift; name = CapteeViewModelTests.swift; path = capteekitTests/CapteeViewModelTests.swift; sourceTree = SOURCE_ROOT; };
		D9057B3929CCD1360001B4FC /* CXURLFieldValidator.swift */ = {isa = PBXFileReference; lastKnownFileType = sourcecode.swift; path = CXURLFieldValidator.swift; sourceTree = "<group>"; };
		D9057B3B29CCD1C80001B4FC /* CXTitleFieldValidator.swift */ = {isa = PBXFileReference; lastKnownFileType = sourcecode.swift; path = CXTitleFieldValidator.swift; sourceTree = "<group>"; };
		D9057B3D29CCD20D0001B4FC /* CXTemplateFieldValidator.swift */ = {isa = PBXFileReference; lastKnownFileType = sourcecode.swift; path = CXTemplateFieldValidator.swift; sourceTree = "<group>"; };
		D909725F2A133BBF0061F711 /* AttributedStringUtils.swift */ = {isa = PBXFileReference; lastKnownFileType = sourcecode.swift; name = AttributedStringUtils.swift; path = capteekitTests/AttributedStringUtils.swift; sourceTree = SOURCE_ROOT; };
		D92774AB29B94AA500A15CC9 /* Share2EmacsUtils.swift */ = {isa = PBXFileReference; lastKnownFileType = sourcecode.swift; path = Share2EmacsUtils.swift; sourceTree = "<group>"; };
		D92774AD29B94BF400A15CC9 /* CapteeUtils.swift */ = {isa = PBXFileReference; lastKnownFileType = sourcecode.swift; path = CapteeUtils.swift; sourceTree = "<group>"; };
		D92774B029B95CEA00A15CC9 /* CapteeXPCService.entitlements */ = {isa = PBXFileReference; lastKnownFileType = text.plist.entitlements; path = CapteeXPCService.entitlements; sourceTree = "<group>"; };
		D92E0FAB2A04665400F13B86 /* OrgTemplateView.swift */ = {isa = PBXFileReference; lastKnownFileType = sourcecode.swift; path = OrgTemplateView.swift; sourceTree = "<group>"; };
		D92E0FAD2A0469E300F13B86 /* OrgTitleView.swift */ = {isa = PBXFileReference; lastKnownFileType = sourcecode.swift; path = OrgTitleView.swift; sourceTree = "<group>"; };
		D92E0FAF2A046A7100F13B86 /* OrgURLView.swift */ = {isa = PBXFileReference; lastKnownFileType = sourcecode.swift; path = OrgURLView.swift; sourceTree = "<group>"; };
		D92E0FB12A046AD700F13B86 /* OrgBodyView.swift */ = {isa = PBXFileReference; lastKnownFileType = sourcecode.swift; path = OrgBodyView.swift; sourceTree = "<group>"; };
		D92E0FB32A046B3C00F13B86 /* OrgProtocolPickerView.swift */ = {isa = PBXFileReference; lastKnownFileType = sourcecode.swift; path = OrgProtocolPickerView.swift; sourceTree = "<group>"; };
		D931DF2A29CD087200421EC8 /* CXTextViewValidator.swift */ = {isa = PBXFileReference; lastKnownFileType = sourcecode.swift; path = CXTextViewValidator.swift; sourceTree = "<group>"; };
		D9620DE22A0C8DA100C971A8 /* MarkupProtocol.swift */ = {isa = PBXFileReference; lastKnownFileType = sourcecode.swift; name = MarkupProtocol.swift; path = capteekit/Protocols/MarkupProtocol.swift; sourceTree = SOURCE_ROOT; };
		D9620DE42A0C8DF800C971A8 /* MarkdownDialect.swift */ = {isa = PBXFileReference; lastKnownFileType = sourcecode.swift; name = MarkdownDialect.swift; path = capteekit/Utils/MarkdownDialect.swift; sourceTree = SOURCE_ROOT; };
		D9620DE62A0C8E2500C971A8 /* OrgDialect.swift */ = {isa = PBXFileReference; lastKnownFileType = sourcecode.swift; name = OrgDialect.swift; path = capteekit/Utils/OrgDialect.swift; sourceTree = SOURCE_ROOT; };
		D9620DE82A0C8E7800C971A8 /* AttributedStringToMarkupProtocol.swift */ = {isa = PBXFileReference; lastKnownFileType = sourcecode.swift; name = AttributedStringToMarkupProtocol.swift; path = capteekit/Protocols/AttributedStringToMarkupProtocol.swift; sourceTree = SOURCE_ROOT; };
		D9620DEA2A0C905800C971A8 /* TranslateAttributedStringToMarkup.swift */ = {isa = PBXFileReference; lastKnownFileType = sourcecode.swift; name = TranslateAttributedStringToMarkup.swift; path = capteekit/Utils/TranslateAttributedStringToMarkup.swift; sourceTree = SOURCE_ROOT; };
		D9620DEC2A0C911000C971A8 /* TranslateNSAttributedStringToMarkup.swift */ = {isa = PBXFileReference; lastKnownFileType = sourcecode.swift; name = TranslateNSAttributedStringToMarkup.swift; path = capteekit/Utils/TranslateNSAttributedStringToMarkup.swift; sourceTree = SOURCE_ROOT; };
		D96459A329D35885002CC78E /* en */ = {isa = PBXFileReference; lastKnownFileType = text.plist.strings; name = en; path = en.lproj/Localizable.strings; sourceTree = "<group>"; };
		D96459A529D35F31002CC78E /* Constants.swift */ = {isa = PBXFileReference; lastKnownFileType = sourcecode.swift; name = Constants.swift; path = capteekit/Utils/Constants.swift; sourceTree = SOURCE_ROOT; };
		D96459A729D382C9002CC78E /* AppDelegate.swift */ = {isa = PBXFileReference; lastKnownFileType = sourcecode.swift; path = AppDelegate.swift; sourceTree = "<group>"; };
		D971A71529A819C00029F6F6 /* CAPTextEditor.swift */ = {isa = PBXFileReference; fileEncoding = 4; lastKnownFileType = sourcecode.swift; path = CAPTextEditor.swift; sourceTree = "<group>"; };
		D973BB7E29D2054500B29126 /* OrgProtocolType.swift */ = {isa = PBXFileReference; lastKnownFileType = sourcecode.swift; name = OrgProtocolType.swift; path = CapteeKit/Enums/OrgProtocolType.swift; sourceTree = SOURCE_ROOT; };
		D973BB8029D2056000B29126 /* MarkupFormat.swift */ = {isa = PBXFileReference; lastKnownFileType = sourcecode.swift; name = MarkupFormat.swift; path = CapteeKit/Enums/MarkupFormat.swift; sourceTree = SOURCE_ROOT; };
		D973BB8329D205A900B29126 /* PayloadType.swift */ = {isa = PBXFileReference; lastKnownFileType = sourcecode.swift; name = PayloadType.swift; path = capteekit/Enums/PayloadType.swift; sourceTree = SOURCE_ROOT; };
		D973BB8529D205D800B29126 /* TransmitType.swift */ = {isa = PBXFileReference; lastKnownFileType = sourcecode.swift; name = TransmitType.swift; path = capteekit/Enums/TransmitType.swift; sourceTree = SOURCE_ROOT; };
		D973BB8829D206A400B29126 /* CapteePayload.swift */ = {isa = PBXFileReference; lastKnownFileType = sourcecode.swift; name = CapteePayload.swift; path = capteekit/Constructs/CapteePayload.swift; sourceTree = SOURCE_ROOT; };
		D973BB8A29D206D900B29126 /* CapteePersistenceProtocol.swift */ = {isa = PBXFileReference; lastKnownFileType = sourcecode.swift; name = CapteePersistenceProtocol.swift; path = capteekit/Protocols/CapteePersistenceProtocol.swift; sourceTree = SOURCE_ROOT; };
		D9768B592A0AC0E7000BAE04 /* AttributedStringToMarkup.swift */ = {isa = PBXFileReference; lastKnownFileType = sourcecode.swift; name = AttributedStringToMarkup.swift; path = capteekit/Utils/AttributedStringToMarkup.swift; sourceTree = SOURCE_ROOT; };
		D9768B5B2A0AC354000BAE04 /* AttributedStringToMarkupTests.swift */ = {isa = PBXFileReference; lastKnownFileType = sourcecode.swift; name = AttributedStringToMarkupTests.swift; path = capteekitTests/AttributedStringToMarkupTests.swift; sourceTree = SOURCE_ROOT; };
		D978B8E9299BFCB800C00D0B /* Captee.app */ = {isa = PBXFileReference; explicitFileType = wrapper.application; includeInIndex = 0; path = Captee.app; sourceTree = BUILT_PRODUCTS_DIR; };
		D978B8EC299BFCB800C00D0B /* CapteeApp.swift */ = {isa = PBXFileReference; lastKnownFileType = sourcecode.swift; path = CapteeApp.swift; sourceTree = "<group>"; };
		D978B8EE299BFCB800C00D0B /* ContentView.swift */ = {isa = PBXFileReference; lastKnownFileType = sourcecode.swift; path = ContentView.swift; sourceTree = "<group>"; };
		D978B8F0299BFCB900C00D0B /* Assets.xcassets */ = {isa = PBXFileReference; lastKnownFileType = folder.assetcatalog; path = Assets.xcassets; sourceTree = "<group>"; };
		D978B8F3299BFCB900C00D0B /* Preview Assets.xcassets */ = {isa = PBXFileReference; lastKnownFileType = folder.assetcatalog; path = "Preview Assets.xcassets"; sourceTree = "<group>"; };
		D978B8F5299BFCB900C00D0B /* Captee.entitlements */ = {isa = PBXFileReference; lastKnownFileType = text.plist.entitlements; path = Captee.entitlements; sourceTree = "<group>"; };
		D978B8FA299BFCB900C00D0B /* CapteeTests.xctest */ = {isa = PBXFileReference; explicitFileType = wrapper.cfbundle; includeInIndex = 0; path = CapteeTests.xctest; sourceTree = BUILT_PRODUCTS_DIR; };
		D978B8FE299BFCB900C00D0B /* CapteeTests.swift */ = {isa = PBXFileReference; lastKnownFileType = sourcecode.swift; path = CapteeTests.swift; sourceTree = "<group>"; };
		D978B904299BFCB900C00D0B /* CapteeUITests.xctest */ = {isa = PBXFileReference; explicitFileType = wrapper.cfbundle; includeInIndex = 0; path = CapteeUITests.xctest; sourceTree = BUILT_PRODUCTS_DIR; };
		D978B908299BFCB900C00D0B /* CapteeUITests.swift */ = {isa = PBXFileReference; lastKnownFileType = sourcecode.swift; path = CapteeUITests.swift; sourceTree = "<group>"; };
		D978B90A299BFCB900C00D0B /* CapteeUITestsLaunchTests.swift */ = {isa = PBXFileReference; lastKnownFileType = sourcecode.swift; path = CapteeUITestsLaunchTests.swift; sourceTree = "<group>"; };
		D978B91B299BFD1000C00D0B /* Share2Emacs.appex */ = {isa = PBXFileReference; explicitFileType = "wrapper.app-extension"; includeInIndex = 0; path = Share2Emacs.appex; sourceTree = BUILT_PRODUCTS_DIR; };
		D978B91D299BFD1000C00D0B /* icon.icns */ = {isa = PBXFileReference; lastKnownFileType = image.icns; path = icon.icns; sourceTree = "<group>"; };
		D978B924299BFD1000C00D0B /* Info.plist */ = {isa = PBXFileReference; lastKnownFileType = text.plist.xml; path = Info.plist; sourceTree = "<group>"; };
		D978B925299BFD1000C00D0B /* Share2Emacs.entitlements */ = {isa = PBXFileReference; lastKnownFileType = text.plist.entitlements; path = Share2Emacs.entitlements; sourceTree = "<group>"; };
		D978B92D299C096800C00D0B /* ExtensionClass.js */ = {isa = PBXFileReference; lastKnownFileType = sourcecode.javascript; path = ExtensionClass.js; sourceTree = "<group>"; };
		D984438D29E36A2A00696633 /* base.xcconfig */ = {isa = PBXFileReference; lastKnownFileType = text.xcconfig; path = base.xcconfig; sourceTree = "<group>"; };
		D9ACA41529B97295005FC3E4 /* Info.plist */ = {isa = PBXFileReference; lastKnownFileType = text.plist; path = Info.plist; sourceTree = "<group>"; };
		D9BFE92A29CA319F005F0970 /* Share2EmacsViewController.swift */ = {isa = PBXFileReference; lastKnownFileType = sourcecode.swift; path = Share2EmacsViewController.swift; sourceTree = "<group>"; };
		D9BFE93029CA3B13005F0970 /* Share2EmacsViewController.xib */ = {isa = PBXFileReference; lastKnownFileType = file.xib; path = Share2EmacsViewController.xib; sourceTree = "<group>"; };
		D9BFE93629CA54F4005F0970 /* CXUtils.swift */ = {isa = PBXFileReference; lastKnownFileType = sourcecode.swift; path = CXUtils.swift; sourceTree = "<group>"; };
		D9BFE93A29CA8DFB005F0970 /* CXScrollableTextView.swift */ = {isa = PBXFileReference; lastKnownFileType = sourcecode.swift; path = CXScrollableTextView.swift; sourceTree = "<group>"; };
		D9BFE93C29CADEE6005F0970 /* CXRadioPicker.swift */ = {isa = PBXFileReference; lastKnownFileType = sourcecode.swift; path = CXRadioPicker.swift; sourceTree = "<group>"; };
		D9BFE93E29CADF57005F0970 /* CXRadioPicker.xib */ = {isa = PBXFileReference; lastKnownFileType = file.xib; path = CXRadioPicker.xib; sourceTree = "<group>"; };
		D9BFE94329CB8985005F0970 /* ShareCXCoordinator.swift */ = {isa = PBXFileReference; lastKnownFileType = sourcecode.swift; path = ShareCXCoordinator.swift; sourceTree = "<group>"; };
		D9BFE94529CBA515005F0970 /* CXRadioPickerMaps.swift */ = {isa = PBXFileReference; lastKnownFileType = sourcecode.swift; path = CXRadioPickerMaps.swift; sourceTree = "<group>"; };
		D9BFE94B29CC070A005F0970 /* CapteeXPCServiceProtocol.swift */ = {isa = PBXFileReference; lastKnownFileType = sourcecode.swift; path = CapteeXPCServiceProtocol.swift; sourceTree = "<group>"; };
		D9D120BF2A130E3E0085237B /* MarkupDialectTests.swift */ = {isa = PBXFileReference; lastKnownFileType = sourcecode.swift; name = MarkupDialectTests.swift; path = capteekitTests/MarkupDialectTests.swift; sourceTree = SOURCE_ROOT; };
		D9D6BC1629B7F79400B9416C /* CapteeManagerProtocol.swift */ = {isa = PBXFileReference; fileEncoding = 4; lastKnownFileType = sourcecode.swift; name = CapteeManagerProtocol.swift; path = CapteeKit/Protocols/CapteeManagerProtocol.swift; sourceTree = SOURCE_ROOT; };
		D9D6BC1829B7F87800B9416C /* CapteeManager+CapteeManagerProtocol.swift */ = {isa = PBXFileReference; lastKnownFileType = sourcecode.swift; name = "CapteeManager+CapteeManagerProtocol.swift"; path = "CapteeKit/Managers/CapteeManager+CapteeManagerProtocol.swift"; sourceTree = SOURCE_ROOT; };
		D9D6BC1A29B7F8BD00B9416C /* CapteeManager+CapteeePersistenceProtocol.swift */ = {isa = PBXFileReference; lastKnownFileType = sourcecode.swift; name = "CapteeManager+CapteeePersistenceProtocol.swift"; path = "CapteeKit/Managers/CapteeManager+CapteeePersistenceProtocol.swift"; sourceTree = SOURCE_ROOT; };
		D9DA578E29F88A6600FB7333 /* Captee.help */ = {isa = PBXFileReference; lastKnownFileType = wrapper; path = Captee.help; sourceTree = "<group>"; };
		D9DDD1ED29B6A18E00F04224 /* ConnectionManager.swift */ = {isa = PBXFileReference; lastKnownFileType = sourcecode.swift; name = ConnectionManager.swift; path = CapteeKit/Managers/ConnectionManager.swift; sourceTree = SOURCE_ROOT; };
		D9E9311C29B0156600348A7B /* CapteeViewModel.swift */ = {isa = PBXFileReference; lastKnownFileType = sourcecode.swift; path = CapteeViewModel.swift; sourceTree = "<group>"; };
		D9F36E1729A5464E00C17E5A /* CapteeKit.framework */ = {isa = PBXFileReference; explicitFileType = wrapper.framework; includeInIndex = 0; path = CapteeKit.framework; sourceTree = BUILT_PRODUCTS_DIR; };
		D9F36E1929A5464E00C17E5A /* CapteeKit.h */ = {isa = PBXFileReference; lastKnownFileType = sourcecode.c.h; path = CapteeKit.h; sourceTree = "<group>"; };
		D9F36E1A29A5464E00C17E5A /* CapteeKit.docc */ = {isa = PBXFileReference; lastKnownFileType = folder.documentationcatalog; path = CapteeKit.docc; sourceTree = "<group>"; };
		D9F36E2029A5464E00C17E5A /* CapteeKitTests.xctest */ = {isa = PBXFileReference; explicitFileType = wrapper.cfbundle; includeInIndex = 0; path = CapteeKitTests.xctest; sourceTree = BUILT_PRODUCTS_DIR; };
		D9F36E2729A5464F00C17E5A /* CapteeKitTests.swift */ = {isa = PBXFileReference; lastKnownFileType = sourcecode.swift; path = CapteeKitTests.swift; sourceTree = "<group>"; };
		D9F36E3729A5472F00C17E5A /* CapteeManager.swift */ = {isa = PBXFileReference; lastKnownFileType = sourcecode.swift; name = CapteeManager.swift; path = CapteeKit/Managers/CapteeManager.swift; sourceTree = SOURCE_ROOT; };
		D9F6EC9429B696B4004E0040 /* CapteeXPCService.xpc */ = {isa = PBXFileReference; explicitFileType = "wrapper.xpc-service"; includeInIndex = 0; path = CapteeXPCService.xpc; sourceTree = BUILT_PRODUCTS_DIR; };
		D9F6EC9629B696B4004E0040 /* CapteeXPCServiceProtocol.swift */ = {isa = PBXFileReference; lastKnownFileType = sourcecode.swift; path = CapteeXPCServiceProtocol.swift; sourceTree = "<group>"; };
		D9F6EC9829B696B4004E0040 /* CapteeXPCService.swift */ = {isa = PBXFileReference; lastKnownFileType = sourcecode.swift; path = CapteeXPCService.swift; sourceTree = "<group>"; };
		D9F6EC9A29B696B4004E0040 /* main.swift */ = {isa = PBXFileReference; lastKnownFileType = sourcecode.swift; path = main.swift; sourceTree = "<group>"; };
		D9F6EC9C29B696B4004E0040 /* Info.plist */ = {isa = PBXFileReference; lastKnownFileType = text.plist.xml; path = Info.plist; sourceTree = "<group>"; };
/* End PBXFileReference section */

/* Begin PBXFrameworksBuildPhase section */
		D978B8E6299BFCB800C00D0B /* Frameworks */ = {
			isa = PBXFrameworksBuildPhase;
			buildActionMask = 2147483647;
			files = (
				D9F36E2C29A5464F00C17E5A /* CapteeKit.framework in Frameworks */,
			);
			runOnlyForDeploymentPostprocessing = 0;
		};
		D978B8F7299BFCB900C00D0B /* Frameworks */ = {
			isa = PBXFrameworksBuildPhase;
			buildActionMask = 2147483647;
			files = (
			);
			runOnlyForDeploymentPostprocessing = 0;
		};
		D978B901299BFCB900C00D0B /* Frameworks */ = {
			isa = PBXFrameworksBuildPhase;
			buildActionMask = 2147483647;
			files = (
			);
			runOnlyForDeploymentPostprocessing = 0;
		};
		D978B918299BFD1000C00D0B /* Frameworks */ = {
			isa = PBXFrameworksBuildPhase;
			buildActionMask = 2147483647;
			files = (
			);
			runOnlyForDeploymentPostprocessing = 0;
		};
		D9F36E1429A5464E00C17E5A /* Frameworks */ = {
			isa = PBXFrameworksBuildPhase;
			buildActionMask = 2147483647;
			files = (
			);
			runOnlyForDeploymentPostprocessing = 0;
		};
		D9F36E1D29A5464E00C17E5A /* Frameworks */ = {
			isa = PBXFrameworksBuildPhase;
			buildActionMask = 2147483647;
			files = (
				D9F36E2129A5464E00C17E5A /* CapteeKit.framework in Frameworks */,
			);
			runOnlyForDeploymentPostprocessing = 0;
		};
		D9F6EC9129B696B4004E0040 /* Frameworks */ = {
			isa = PBXFrameworksBuildPhase;
			buildActionMask = 2147483647;
			files = (
			);
			runOnlyForDeploymentPostprocessing = 0;
		};
/* End PBXFrameworksBuildPhase section */

/* Begin PBXGroup section */
		D973BB8229D2058E00B29126 /* Enums */ = {
			isa = PBXGroup;
			children = (
				D973BB8029D2056000B29126 /* MarkupFormat.swift */,
				D973BB7E29D2054500B29126 /* OrgProtocolType.swift */,
				D973BB8329D205A900B29126 /* PayloadType.swift */,
				D973BB8529D205D800B29126 /* TransmitType.swift */,
			);
			path = Enums;
			sourceTree = "<group>";
		};
		D973BB8729D2065200B29126 /* Constructs */ = {
			isa = PBXGroup;
			children = (
				D973BB8829D206A400B29126 /* CapteePayload.swift */,
			);
			path = Constructs;
			sourceTree = "<group>";
		};
		D973BB8C29D2090B00B29126 /* ViewModels */ = {
			isa = PBXGroup;
			children = (
				D9E9311C29B0156600348A7B /* CapteeViewModel.swift */,
			);
			path = ViewModels;
			sourceTree = "<group>";
		};
		D978B8E0299BFCB800C00D0B = {
			isa = PBXGroup;
			children = (
				D9DA578E29F88A6600FB7333 /* Captee.help */,
				D984438C29E36A1000696633 /* config */,
				D978B8EB299BFCB800C00D0B /* Captee */,
				D978B8FD299BFCB900C00D0B /* CapteeTests */,
				D978B907299BFCB900C00D0B /* CapteeUITests */,
				D978B91C299BFD1000C00D0B /* Share2Emacs */,
				D9F36E1829A5464E00C17E5A /* CapteeKit */,
				D9F36E2629A5464F00C17E5A /* CapteeKitTests */,
				D9F6EC9529B696B4004E0040 /* CapteeXPCService */,
				D978B8EA299BFCB800C00D0B /* Products */,
				D9F6ECA429B69A49004E0040 /* Frameworks */,
			);
			sourceTree = "<group>";
		};
		D978B8EA299BFCB800C00D0B /* Products */ = {
			isa = PBXGroup;
			children = (
				D978B8E9299BFCB800C00D0B /* Captee.app */,
				D978B8FA299BFCB900C00D0B /* CapteeTests.xctest */,
				D978B904299BFCB900C00D0B /* CapteeUITests.xctest */,
				D978B91B299BFD1000C00D0B /* Share2Emacs.appex */,
				D9F36E1729A5464E00C17E5A /* CapteeKit.framework */,
				D9F36E2029A5464E00C17E5A /* CapteeKitTests.xctest */,
				D9F6EC9429B696B4004E0040 /* CapteeXPCService.xpc */,
			);
			name = Products;
			sourceTree = "<group>";
		};
		D978B8EB299BFCB800C00D0B /* Captee */ = {
			isa = PBXGroup;
			children = (
				D9ACA41529B97295005FC3E4 /* Info.plist */,
				D978B8EC299BFCB800C00D0B /* CapteeApp.swift */,
				D96459A729D382C9002CC78E /* AppDelegate.swift */,
				D9E9311A29B014C600348A7B /* UI */,
				D978B8F0299BFCB900C00D0B /* Assets.xcassets */,
				D978B8F5299BFCB900C00D0B /* Captee.entitlements */,
				D978B8F2299BFCB900C00D0B /* Preview Content */,
			);
			path = Captee;
			sourceTree = "<group>";
		};
		D978B8F2299BFCB900C00D0B /* Preview Content */ = {
			isa = PBXGroup;
			children = (
				D978B8F3299BFCB900C00D0B /* Preview Assets.xcassets */,
			);
			path = "Preview Content";
			sourceTree = "<group>";
		};
		D978B8FD299BFCB900C00D0B /* CapteeTests */ = {
			isa = PBXGroup;
			children = (
				D978B8FE299BFCB900C00D0B /* CapteeTests.swift */,
			);
			path = CapteeTests;
			sourceTree = "<group>";
		};
		D978B907299BFCB900C00D0B /* CapteeUITests */ = {
			isa = PBXGroup;
			children = (
				D978B908299BFCB900C00D0B /* CapteeUITests.swift */,
				D978B90A299BFCB900C00D0B /* CapteeUITestsLaunchTests.swift */,
			);
			path = CapteeUITests;
			sourceTree = "<group>";
		};
		D978B91C299BFD1000C00D0B /* Share2Emacs */ = {
			isa = PBXGroup;
			children = (
				D978B91D299BFD1000C00D0B /* icon.icns */,
				D92774AB29B94AA500A15CC9 /* Share2EmacsUtils.swift */,
				D9BFE93229CA4DE3005F0970 /* UI */,
				D9BFE94229CB894A005F0970 /* Coordinators */,
				D9BFE93329CA4DEF005F0970 /* Utils */,
				D978B924299BFD1000C00D0B /* Info.plist */,
				D978B925299BFD1000C00D0B /* Share2Emacs.entitlements */,
				D978B92D299C096800C00D0B /* ExtensionClass.js */,
			);
			path = Share2Emacs;
			sourceTree = "<group>";
		};
		D984438C29E36A1000696633 /* config */ = {
			isa = PBXGroup;
			children = (
				D984438D29E36A2A00696633 /* base.xcconfig */,
			);
			path = config;
			sourceTree = "<group>";
		};
		D9BFE93229CA4DE3005F0970 /* UI */ = {
			isa = PBXGroup;
			children = (
				D9BFE92A29CA319F005F0970 /* Share2EmacsViewController.swift */,
				D9BFE93029CA3B13005F0970 /* Share2EmacsViewController.xib */,
				D9BFE93629CA54F4005F0970 /* CXUtils.swift */,
				D9BFE93A29CA8DFB005F0970 /* CXScrollableTextView.swift */,
				D9BFE93C29CADEE6005F0970 /* CXRadioPicker.swift */,
				D9BFE93E29CADF57005F0970 /* CXRadioPicker.xib */,
				D9BFE94529CBA515005F0970 /* CXRadioPickerMaps.swift */,
				D9057B3929CCD1360001B4FC /* CXURLFieldValidator.swift */,
				D9057B3B29CCD1C80001B4FC /* CXTitleFieldValidator.swift */,
				D9057B3D29CCD20D0001B4FC /* CXTemplateFieldValidator.swift */,
				D931DF2A29CD087200421EC8 /* CXTextViewValidator.swift */,
			);
			path = UI;
			sourceTree = "<group>";
		};
		D9BFE93329CA4DEF005F0970 /* Utils */ = {
			isa = PBXGroup;
			children = (
			);
			path = Utils;
			sourceTree = "<group>";
		};
		D9BFE94229CB894A005F0970 /* Coordinators */ = {
			isa = PBXGroup;
			children = (
				D9BFE94329CB8985005F0970 /* ShareCXCoordinator.swift */,
			);
			path = Coordinators;
			sourceTree = "<group>";
		};
		D9BFE94929CC068B005F0970 /* Managers */ = {
			isa = PBXGroup;
			children = (
				D9F36E3729A5472F00C17E5A /* CapteeManager.swift */,
				D9D6BC1A29B7F8BD00B9416C /* CapteeManager+CapteeePersistenceProtocol.swift */,
				D9D6BC1829B7F87800B9416C /* CapteeManager+CapteeManagerProtocol.swift */,
				D9DDD1ED29B6A18E00F04224 /* ConnectionManager.swift */,
			);
			path = Managers;
			sourceTree = "<group>";
		};
		D9BFE95429CC1E67005F0970 /* Protocols */ = {
			isa = PBXGroup;
			children = (
				D9D6BC1629B7F79400B9416C /* CapteeManagerProtocol.swift */,
				D973BB8A29D206D900B29126 /* CapteePersistenceProtocol.swift */,
				D9BFE94B29CC070A005F0970 /* CapteeXPCServiceProtocol.swift */,
				D9620DE22A0C8DA100C971A8 /* MarkupProtocol.swift */,
				D9620DE82A0C8E7800C971A8 /* AttributedStringToMarkupProtocol.swift */,
			);
			path = Protocols;
			sourceTree = "<group>";
		};
		D9BFE95529CC1E7F005F0970 /* Utils */ = {
			isa = PBXGroup;
			children = (
				D92774AD29B94BF400A15CC9 /* CapteeUtils.swift */,
				D96459A529D35F31002CC78E /* Constants.swift */,
				D9768B592A0AC0E7000BAE04 /* AttributedStringToMarkup.swift */,
				D9620DE42A0C8DF800C971A8 /* MarkdownDialect.swift */,
				D9620DE62A0C8E2500C971A8 /* OrgDialect.swift */,
				D9620DEA2A0C905800C971A8 /* TranslateAttributedStringToMarkup.swift */,
				D9620DEC2A0C911000C971A8 /* TranslateNSAttributedStringToMarkup.swift */,
			);
			path = Utils;
			sourceTree = "<group>";
		};
		D9E9311A29B014C600348A7B /* UI */ = {
			isa = PBXGroup;
			children = (
				D978B8EE299BFCB800C00D0B /* ContentView.swift */,
				D971A71529A819C00029F6F6 /* CAPTextEditor.swift */,
				D92E0FB32A046B3C00F13B86 /* OrgProtocolPickerView.swift */,
				D92E0FAF2A046A7100F13B86 /* OrgURLView.swift */,
				D92E0FAD2A0469E300F13B86 /* OrgTitleView.swift */,
				D92E0FAB2A04665400F13B86 /* OrgTemplateView.swift */,
				D92E0FB12A046AD700F13B86 /* OrgBodyView.swift */,
			);
			path = UI;
			sourceTree = "<group>";
		};
		D9F36E1829A5464E00C17E5A /* CapteeKit */ = {
			isa = PBXGroup;
			children = (
				D973BB8229D2058E00B29126 /* Enums */,
				D9BFE95429CC1E67005F0970 /* Protocols */,
				D973BB8729D2065200B29126 /* Constructs */,
				D9BFE94929CC068B005F0970 /* Managers */,
				D973BB8C29D2090B00B29126 /* ViewModels */,
				D9BFE95529CC1E7F005F0970 /* Utils */,
				D9F36E1929A5464E00C17E5A /* CapteeKit.h */,
				D9F36E1A29A5464E00C17E5A /* CapteeKit.docc */,
				D96459A429D35885002CC78E /* Localizable.strings */,
			);
			path = CapteeKit;
			sourceTree = "<group>";
		};
		D9F36E2629A5464F00C17E5A /* CapteeKitTests */ = {
			isa = PBXGroup;
			children = (
				D909725F2A133BBF0061F711 /* AttributedStringUtils.swift */,
				D9F36E2729A5464F00C17E5A /* CapteeKitTests.swift */,
				D90387CF29F195400074F135 /* CapteeViewModelTests.swift */,
				D9768B5B2A0AC354000BAE04 /* AttributedStringToMarkupTests.swift */,
				D9D120BF2A130E3E0085237B /* MarkupDialectTests.swift */,
			);
			path = CapteeKitTests;
			sourceTree = "<group>";
		};
		D9F6EC9529B696B4004E0040 /* CapteeXPCService */ = {
			isa = PBXGroup;
			children = (
				D92774B029B95CEA00A15CC9 /* CapteeXPCService.entitlements */,
				D9F6EC9629B696B4004E0040 /* CapteeXPCServiceProtocol.swift */,
				D9F6EC9829B696B4004E0040 /* CapteeXPCService.swift */,
				D9F6EC9A29B696B4004E0040 /* main.swift */,
				D9F6EC9C29B696B4004E0040 /* Info.plist */,
			);
			path = CapteeXPCService;
			sourceTree = "<group>";
		};
		D9F6ECA429B69A49004E0040 /* Frameworks */ = {
			isa = PBXGroup;
			children = (
			);
			name = Frameworks;
			sourceTree = "<group>";
		};
/* End PBXGroup section */

/* Begin PBXHeadersBuildPhase section */
		D9F36E1229A5464E00C17E5A /* Headers */ = {
			isa = PBXHeadersBuildPhase;
			buildActionMask = 2147483647;
			files = (
				D9F36E2929A5464F00C17E5A /* CapteeKit.h in Headers */,
			);
			runOnlyForDeploymentPostprocessing = 0;
		};
/* End PBXHeadersBuildPhase section */

/* Begin PBXNativeTarget section */
		D978B8E8299BFCB800C00D0B /* Captee */ = {
			isa = PBXNativeTarget;
			buildConfigurationList = D978B90E299BFCB900C00D0B /* Build configuration list for PBXNativeTarget "Captee" */;
			buildPhases = (
				D9E8A4242A07208C007516BD /* ShellScript */,
				D978B8E5299BFCB800C00D0B /* Sources */,
				D978B8E6299BFCB800C00D0B /* Frameworks */,
				D978B8E7299BFCB800C00D0B /* Resources */,
				D978B92C299BFD1000C00D0B /* Embed Foundation Extensions */,
				D9F36E2E29A5464F00C17E5A /* Embed Frameworks */,
				D985493529B6CB7900D41F24 /* CopyFiles */,
			);
			buildRules = (
			);
			dependencies = (
				D978B927299BFD1000C00D0B /* PBXTargetDependency */,
				D9F36E2B29A5464F00C17E5A /* PBXTargetDependency */,
				D9F6ECA729B69A49004E0040 /* PBXTargetDependency */,
			);
			name = Captee;
			productName = Captee;
			productReference = D978B8E9299BFCB800C00D0B /* Captee.app */;
			productType = "com.apple.product-type.application";
		};
		D978B8F9299BFCB900C00D0B /* CapteeTests */ = {
			isa = PBXNativeTarget;
			buildConfigurationList = D978B911299BFCB900C00D0B /* Build configuration list for PBXNativeTarget "CapteeTests" */;
			buildPhases = (
				D978B8F6299BFCB900C00D0B /* Sources */,
				D978B8F7299BFCB900C00D0B /* Frameworks */,
				D978B8F8299BFCB900C00D0B /* Resources */,
			);
			buildRules = (
			);
			dependencies = (
				D978B8FC299BFCB900C00D0B /* PBXTargetDependency */,
			);
			name = CapteeTests;
			productName = CapteeTests;
			productReference = D978B8FA299BFCB900C00D0B /* CapteeTests.xctest */;
			productType = "com.apple.product-type.bundle.unit-test";
		};
		D978B903299BFCB900C00D0B /* CapteeUITests */ = {
			isa = PBXNativeTarget;
			buildConfigurationList = D978B914299BFCB900C00D0B /* Build configuration list for PBXNativeTarget "CapteeUITests" */;
			buildPhases = (
				D978B900299BFCB900C00D0B /* Sources */,
				D978B901299BFCB900C00D0B /* Frameworks */,
				D978B902299BFCB900C00D0B /* Resources */,
			);
			buildRules = (
			);
			dependencies = (
				D978B906299BFCB900C00D0B /* PBXTargetDependency */,
			);
			name = CapteeUITests;
			productName = CapteeUITests;
			productReference = D978B904299BFCB900C00D0B /* CapteeUITests.xctest */;
			productType = "com.apple.product-type.bundle.ui-testing";
		};
		D978B91A299BFD1000C00D0B /* Share2Emacs */ = {
			isa = PBXNativeTarget;
			buildConfigurationList = D978B929299BFD1000C00D0B /* Build configuration list for PBXNativeTarget "Share2Emacs" */;
			buildPhases = (
				D978B917299BFD1000C00D0B /* Sources */,
				D978B918299BFD1000C00D0B /* Frameworks */,
				D978B919299BFD1000C00D0B /* Resources */,
				D9F36E3529A546DA00C17E5A /* Copy Frameworks */,
				D985493729B6CB9100D41F24 /* CopyFiles */,
			);
			buildRules = (
			);
			dependencies = (
			);
			name = Share2Emacs;
			productName = Share2Emacs;
			productReference = D978B91B299BFD1000C00D0B /* Share2Emacs.appex */;
			productType = "com.apple.product-type.app-extension";
		};
		D9F36E1629A5464E00C17E5A /* CapteeKit */ = {
			isa = PBXNativeTarget;
			buildConfigurationList = D9F36E3329A5464F00C17E5A /* Build configuration list for PBXNativeTarget "CapteeKit" */;
			buildPhases = (
				D9F36E1229A5464E00C17E5A /* Headers */,
				D9F36E1329A5464E00C17E5A /* Sources */,
				D9F36E1429A5464E00C17E5A /* Frameworks */,
				D9F36E1529A5464E00C17E5A /* Resources */,
			);
			buildRules = (
			);
			dependencies = (
				D9F6EC9E29B696B4004E0040 /* PBXTargetDependency */,
			);
			name = CapteeKit;
			productName = CapteeKit;
			productReference = D9F36E1729A5464E00C17E5A /* CapteeKit.framework */;
			productType = "com.apple.product-type.framework";
		};
		D9F36E1F29A5464E00C17E5A /* CapteeKitTests */ = {
			isa = PBXNativeTarget;
			buildConfigurationList = D9F36E3429A5464F00C17E5A /* Build configuration list for PBXNativeTarget "CapteeKitTests" */;
			buildPhases = (
				D9F36E1C29A5464E00C17E5A /* Sources */,
				D9F36E1D29A5464E00C17E5A /* Frameworks */,
				D9F36E1E29A5464E00C17E5A /* Resources */,
			);
			buildRules = (
			);
			dependencies = (
				D9F36E2329A5464E00C17E5A /* PBXTargetDependency */,
				D9F36E2529A5464E00C17E5A /* PBXTargetDependency */,
			);
			name = CapteeKitTests;
			productName = CapteeKitTests;
			productReference = D9F36E2029A5464E00C17E5A /* CapteeKitTests.xctest */;
			productType = "com.apple.product-type.bundle.unit-test";
		};
		D9F6EC9329B696B4004E0040 /* CapteeXPCService */ = {
			isa = PBXNativeTarget;
			buildConfigurationList = D9F6ECA329B696B4004E0040 /* Build configuration list for PBXNativeTarget "CapteeXPCService" */;
			buildPhases = (
				D9F6EC9029B696B4004E0040 /* Sources */,
				D9F6EC9129B696B4004E0040 /* Frameworks */,
				D9F6EC9229B696B4004E0040 /* Resources */,
			);
			buildRules = (
			);
			dependencies = (
			);
			name = CapteeXPCService;
			productName = CapteeXPCService;
			productReference = D9F6EC9429B696B4004E0040 /* CapteeXPCService.xpc */;
			productType = "com.apple.product-type.xpc-service";
		};
/* End PBXNativeTarget section */

/* Begin PBXProject section */
		D978B8E1299BFCB800C00D0B /* Project object */ = {
			isa = PBXProject;
			attributes = {
				BuildIndependentTargetsInParallel = 1;
				LastSwiftUpdateCheck = 1420;
				LastUpgradeCheck = 1630;
				TargetAttributes = {
					D978B8E8299BFCB800C00D0B = {
						CreatedOnToolsVersion = 14.2;
					};
					D978B8F9299BFCB900C00D0B = {
						CreatedOnToolsVersion = 14.2;
						TestTargetID = D978B8E8299BFCB800C00D0B;
					};
					D978B903299BFCB900C00D0B = {
						CreatedOnToolsVersion = 14.2;
						TestTargetID = D978B8E8299BFCB800C00D0B;
					};
					D978B91A299BFD1000C00D0B = {
						CreatedOnToolsVersion = 14.2;
					};
					D9F36E1629A5464E00C17E5A = {
						CreatedOnToolsVersion = 14.2;
					};
					D9F36E1F29A5464E00C17E5A = {
						CreatedOnToolsVersion = 14.2;
					};
					D9F6EC9329B696B4004E0040 = {
						CreatedOnToolsVersion = 14.2;
					};
				};
			};
			buildConfigurationList = D978B8E4299BFCB800C00D0B /* Build configuration list for PBXProject "Captee" */;
			compatibilityVersion = "Xcode 14.0";
			developmentRegion = en;
			hasScannedForEncodings = 0;
			knownRegions = (
				en,
				Base,
			);
			mainGroup = D978B8E0299BFCB800C00D0B;
			productRefGroup = D978B8EA299BFCB800C00D0B /* Products */;
			projectDirPath = "";
			projectRoot = "";
			targets = (
				D978B8E8299BFCB800C00D0B /* Captee */,
				D978B8F9299BFCB900C00D0B /* CapteeTests */,
				D978B903299BFCB900C00D0B /* CapteeUITests */,
				D978B91A299BFD1000C00D0B /* Share2Emacs */,
				D9F36E1629A5464E00C17E5A /* CapteeKit */,
				D9F36E1F29A5464E00C17E5A /* CapteeKitTests */,
				D9F6EC9329B696B4004E0040 /* CapteeXPCService */,
			);
		};
/* End PBXProject section */

/* Begin PBXResourcesBuildPhase section */
		D978B8E7299BFCB800C00D0B /* Resources */ = {
			isa = PBXResourcesBuildPhase;
			buildActionMask = 2147483647;
			files = (
				D926B19029F88EA200A11CA3 /* Captee.help in Resources */,
				D978B8F4299BFCB900C00D0B /* Preview Assets.xcassets in Resources */,
				D978B8F1299BFCB900C00D0B /* Assets.xcassets in Resources */,
			);
			runOnlyForDeploymentPostprocessing = 0;
		};
		D978B8F8299BFCB900C00D0B /* Resources */ = {
			isa = PBXResourcesBuildPhase;
			buildActionMask = 2147483647;
			files = (
			);
			runOnlyForDeploymentPostprocessing = 0;
		};
		D978B902299BFCB900C00D0B /* Resources */ = {
			isa = PBXResourcesBuildPhase;
			buildActionMask = 2147483647;
			files = (
			);
			runOnlyForDeploymentPostprocessing = 0;
		};
		D978B919299BFD1000C00D0B /* Resources */ = {
			isa = PBXResourcesBuildPhase;
			buildActionMask = 2147483647;
			files = (
				D978B92E299C096800C00D0B /* ExtensionClass.js in Resources */,
				D978B91E299BFD1000C00D0B /* icon.icns in Resources */,
				D9BFE93F29CADF57005F0970 /* CXRadioPicker.xib in Resources */,
				D9BFE93129CA3B13005F0970 /* Share2EmacsViewController.xib in Resources */,
			);
			runOnlyForDeploymentPostprocessing = 0;
		};
		D9F36E1529A5464E00C17E5A /* Resources */ = {
			isa = PBXResourcesBuildPhase;
			buildActionMask = 2147483647;
			files = (
				D96459A229D35885002CC78E /* Localizable.strings in Resources */,
			);
			runOnlyForDeploymentPostprocessing = 0;
		};
		D9F36E1E29A5464E00C17E5A /* Resources */ = {
			isa = PBXResourcesBuildPhase;
			buildActionMask = 2147483647;
			files = (
			);
			runOnlyForDeploymentPostprocessing = 0;
		};
		D9F6EC9229B696B4004E0040 /* Resources */ = {
			isa = PBXResourcesBuildPhase;
			buildActionMask = 2147483647;
			files = (
			);
			runOnlyForDeploymentPostprocessing = 0;
		};
/* End PBXResourcesBuildPhase section */

/* Begin PBXShellScriptBuildPhase section */
		D9E8A4242A07208C007516BD /* ShellScript */ = {
			isa = PBXShellScriptBuildPhase;
			buildActionMask = 8;
			files = (
			);
			inputFileListPaths = (
				"$(SRCROOT)/docs/help/inputs.xcfilelist",
			);
			inputPaths = (
			);
			outputFileListPaths = (
				"$(SRCROOT)/docs/help/outputs.xcfilelist",
			);
			outputPaths = (
			);
			runOnlyForDeploymentPostprocessing = 1;
			shellPath = /bin/sh;
			shellScript = "make -C docs/help create-helpbook EMACS_APP_EXEC=/Applications/MacPorts/Emacs.app/Contents/MacOS/Emacs\n";
		};
/* End PBXShellScriptBuildPhase section */

/* Begin PBXSourcesBuildPhase section */
		D978B8E5299BFCB800C00D0B /* Sources */ = {
			isa = PBXSourcesBuildPhase;
			buildActionMask = 2147483647;
			files = (
				D96459A829D382C9002CC78E /* AppDelegate.swift in Sources */,
				D971A71629A819C00029F6F6 /* CAPTextEditor.swift in Sources */,
				D978B8EF299BFCB800C00D0B /* ContentView.swift in Sources */,
				D978B8ED299BFCB800C00D0B /* CapteeApp.swift in Sources */,
				D92E0FB42A046B3C00F13B86 /* OrgProtocolPickerView.swift in Sources */,
				D92E0FAE2A0469E300F13B86 /* OrgTitleView.swift in Sources */,
				D92E0FB22A046AD700F13B86 /* OrgBodyView.swift in Sources */,
				D92E0FB02A046A7100F13B86 /* OrgURLView.swift in Sources */,
				D92E0FAC2A04665400F13B86 /* OrgTemplateView.swift in Sources */,
			);
			runOnlyForDeploymentPostprocessing = 0;
		};
		D978B8F6299BFCB900C00D0B /* Sources */ = {
			isa = PBXSourcesBuildPhase;
			buildActionMask = 2147483647;
			files = (
				D978B8FF299BFCB900C00D0B /* CapteeTests.swift in Sources */,
			);
			runOnlyForDeploymentPostprocessing = 0;
		};
		D978B900299BFCB900C00D0B /* Sources */ = {
			isa = PBXSourcesBuildPhase;
			buildActionMask = 2147483647;
			files = (
				D978B90B299BFCB900C00D0B /* CapteeUITestsLaunchTests.swift in Sources */,
				D978B909299BFCB900C00D0B /* CapteeUITests.swift in Sources */,
			);
			runOnlyForDeploymentPostprocessing = 0;
		};
		D978B917299BFD1000C00D0B /* Sources */ = {
			isa = PBXSourcesBuildPhase;
			buildActionMask = 2147483647;
			files = (
				D9BFE94429CB8985005F0970 /* ShareCXCoordinator.swift in Sources */,
				D92774AC29B94AA500A15CC9 /* Share2EmacsUtils.swift in Sources */,
				D9BFE93D29CADEE6005F0970 /* CXRadioPicker.swift in Sources */,
				D9BFE94629CBA515005F0970 /* CXRadioPickerMaps.swift in Sources */,
				D931DF2B29CD087200421EC8 /* CXTextViewValidator.swift in Sources */,
				D9057B3A29CCD1360001B4FC /* CXURLFieldValidator.swift in Sources */,
				D9BFE93B29CA8DFB005F0970 /* CXScrollableTextView.swift in Sources */,
				D9057B3E29CCD20D0001B4FC /* CXTemplateFieldValidator.swift in Sources */,
				D9BFE92B29CA319F005F0970 /* Share2EmacsViewController.swift in Sources */,
				D9BFE93729CA54F4005F0970 /* CXUtils.swift in Sources */,
				D9057B3C29CCD1C80001B4FC /* CXTitleFieldValidator.swift in Sources */,
			);
			runOnlyForDeploymentPostprocessing = 0;
		};
		D9F36E1329A5464E00C17E5A /* Sources */ = {
			isa = PBXSourcesBuildPhase;
			buildActionMask = 2147483647;
			files = (
				D973BB7F29D2054500B29126 /* OrgProtocolType.swift in Sources */,
				D9620DE92A0C8E7800C971A8 /* AttributedStringToMarkupProtocol.swift in Sources */,
				D9F36E1B29A5464E00C17E5A /* CapteeKit.docc in Sources */,
				D9BFE94A29CC06E0005F0970 /* ConnectionManager.swift in Sources */,
				D9620DE32A0C8DA100C971A8 /* MarkupProtocol.swift in Sources */,
				D9BFE95329CC16DC005F0970 /* CapteeUtils.swift in Sources */,
				D9768B5A2A0AC0E7000BAE04 /* AttributedStringToMarkup.swift in Sources */,
				D9BFE95229CC16A1005F0970 /* CapteeViewModel.swift in Sources */,
				D9620DE52A0C8DF800C971A8 /* MarkdownDialect.swift in Sources */,
				D9D6BC1729B7F79400B9416C /* CapteeManagerProtocol.swift in Sources */,
				D9620DED2A0C911000C971A8 /* TranslateNSAttributedStringToMarkup.swift in Sources */,
				D9620DE72A0C8E2500C971A8 /* OrgDialect.swift in Sources */,
				D9BFE94C29CC070B005F0970 /* CapteeXPCServiceProtocol.swift in Sources */,
				D96459A629D35F31002CC78E /* Constants.swift in Sources */,
				D9F36E3829A5472F00C17E5A /* CapteeManager.swift in Sources */,
				D973BB8929D206A400B29126 /* CapteePayload.swift in Sources */,
				D973BB8429D205A900B29126 /* PayloadType.swift in Sources */,
				D9D6BC1B29B7F8BD00B9416C /* CapteeManager+CapteeePersistenceProtocol.swift in Sources */,
				D973BB8B29D206D900B29126 /* CapteePersistenceProtocol.swift in Sources */,
				D973BB8629D205D800B29126 /* TransmitType.swift in Sources */,
				D973BB8129D2056000B29126 /* MarkupFormat.swift in Sources */,
				D9D6BC1929B7F87800B9416C /* CapteeManager+CapteeManagerProtocol.swift in Sources */,
				D9620DEB2A0C905800C971A8 /* TranslateAttributedStringToMarkup.swift in Sources */,
			);
			runOnlyForDeploymentPostprocessing = 0;
		};
		D9F36E1C29A5464E00C17E5A /* Sources */ = {
			isa = PBXSourcesBuildPhase;
			buildActionMask = 2147483647;
			files = (
				D9D120C02A130E3E0085237B /* MarkupDialectTests.swift in Sources */,
				D90387D029F195400074F135 /* CapteeViewModelTests.swift in Sources */,
				D9768B5C2A0AC354000BAE04 /* AttributedStringToMarkupTests.swift in Sources */,
				D90972602A133BBF0061F711 /* AttributedStringUtils.swift in Sources */,
				D9F36E2829A5464F00C17E5A /* CapteeKitTests.swift in Sources */,
			);
			runOnlyForDeploymentPostprocessing = 0;
		};
		D9F6EC9029B696B4004E0040 /* Sources */ = {
			isa = PBXSourcesBuildPhase;
			buildActionMask = 2147483647;
			files = (
				D9F6EC9729B696B4004E0040 /* CapteeXPCServiceProtocol.swift in Sources */,
				D9F6EC9929B696B4004E0040 /* CapteeXPCService.swift in Sources */,
				D9F6EC9B29B696B4004E0040 /* main.swift in Sources */,
			);
			runOnlyForDeploymentPostprocessing = 0;
		};
/* End PBXSourcesBuildPhase section */

/* Begin PBXTargetDependency section */
		D978B8FC299BFCB900C00D0B /* PBXTargetDependency */ = {
			isa = PBXTargetDependency;
			target = D978B8E8299BFCB800C00D0B /* Captee */;
			targetProxy = D978B8FB299BFCB900C00D0B /* PBXContainerItemProxy */;
		};
		D978B906299BFCB900C00D0B /* PBXTargetDependency */ = {
			isa = PBXTargetDependency;
			target = D978B8E8299BFCB800C00D0B /* Captee */;
			targetProxy = D978B905299BFCB900C00D0B /* PBXContainerItemProxy */;
		};
		D978B927299BFD1000C00D0B /* PBXTargetDependency */ = {
			isa = PBXTargetDependency;
			target = D978B91A299BFD1000C00D0B /* Share2Emacs */;
			targetProxy = D978B926299BFD1000C00D0B /* PBXContainerItemProxy */;
		};
		D9F36E2329A5464E00C17E5A /* PBXTargetDependency */ = {
			isa = PBXTargetDependency;
			target = D9F36E1629A5464E00C17E5A /* CapteeKit */;
			targetProxy = D9F36E2229A5464E00C17E5A /* PBXContainerItemProxy */;
		};
		D9F36E2529A5464E00C17E5A /* PBXTargetDependency */ = {
			isa = PBXTargetDependency;
			target = D978B8E8299BFCB800C00D0B /* Captee */;
			targetProxy = D9F36E2429A5464E00C17E5A /* PBXContainerItemProxy */;
		};
		D9F36E2B29A5464F00C17E5A /* PBXTargetDependency */ = {
			isa = PBXTargetDependency;
			target = D9F36E1629A5464E00C17E5A /* CapteeKit */;
			targetProxy = D9F36E2A29A5464F00C17E5A /* PBXContainerItemProxy */;
		};
		D9F6EC9E29B696B4004E0040 /* PBXTargetDependency */ = {
			isa = PBXTargetDependency;
			target = D9F6EC9329B696B4004E0040 /* CapteeXPCService */;
			targetProxy = D9F6EC9D29B696B4004E0040 /* PBXContainerItemProxy */;
		};
		D9F6ECA729B69A49004E0040 /* PBXTargetDependency */ = {
			isa = PBXTargetDependency;
			target = D9F6EC9329B696B4004E0040 /* CapteeXPCService */;
			targetProxy = D9F6ECA629B69A49004E0040 /* PBXContainerItemProxy */;
		};
/* End PBXTargetDependency section */

/* Begin PBXVariantGroup section */
		D96459A429D35885002CC78E /* Localizable.strings */ = {
			isa = PBXVariantGroup;
			children = (
				D96459A329D35885002CC78E /* en */,
			);
			name = Localizable.strings;
			path = capteekit;
			sourceTree = SOURCE_ROOT;
		};
/* End PBXVariantGroup section */

/* Begin XCBuildConfiguration section */
		D978B90C299BFCB900C00D0B /* Debug */ = {
			isa = XCBuildConfiguration;
			baseConfigurationReference = D984438D29E36A2A00696633 /* base.xcconfig */;
			buildSettings = {
				ALWAYS_SEARCH_USER_PATHS = NO;
				CLANG_ANALYZER_NONNULL = YES;
				CLANG_ANALYZER_NUMBER_OBJECT_CONVERSION = YES_AGGRESSIVE;
				CLANG_CXX_LANGUAGE_STANDARD = "gnu++20";
				CLANG_ENABLE_MODULES = YES;
				CLANG_ENABLE_OBJC_ARC = YES;
				CLANG_ENABLE_OBJC_WEAK = YES;
				CLANG_WARN_BLOCK_CAPTURE_AUTORELEASING = YES;
				CLANG_WARN_BOOL_CONVERSION = YES;
				CLANG_WARN_COMMA = YES;
				CLANG_WARN_CONSTANT_CONVERSION = YES;
				CLANG_WARN_DEPRECATED_OBJC_IMPLEMENTATIONS = YES;
				CLANG_WARN_DIRECT_OBJC_ISA_USAGE = YES_ERROR;
				CLANG_WARN_DOCUMENTATION_COMMENTS = YES;
				CLANG_WARN_EMPTY_BODY = YES;
				CLANG_WARN_ENUM_CONVERSION = YES;
				CLANG_WARN_INFINITE_RECURSION = YES;
				CLANG_WARN_INT_CONVERSION = YES;
				CLANG_WARN_NON_LITERAL_NULL_CONVERSION = YES;
				CLANG_WARN_OBJC_IMPLICIT_RETAIN_SELF = YES;
				CLANG_WARN_OBJC_LITERAL_CONVERSION = YES;
				CLANG_WARN_OBJC_ROOT_CLASS = YES_ERROR;
				CLANG_WARN_QUOTED_INCLUDE_IN_FRAMEWORK_HEADER = YES;
				CLANG_WARN_RANGE_LOOP_ANALYSIS = YES;
				CLANG_WARN_STRICT_PROTOTYPES = YES;
				CLANG_WARN_SUSPICIOUS_MOVE = YES;
				CLANG_WARN_UNGUARDED_AVAILABILITY = YES_AGGRESSIVE;
				CLANG_WARN_UNREACHABLE_CODE = YES;
				CLANG_WARN__DUPLICATE_METHOD_MATCH = YES;
				COPY_PHASE_STRIP = NO;
				CURRENT_PROJECT_VERSION = "$(CURRENT_PROJECT_VERSION)";
				DEAD_CODE_STRIPPING = YES;
				DEBUG_INFORMATION_FORMAT = dwarf;
				DEVELOPMENT_TEAM = UD5428GZB3;
				ENABLE_STRICT_OBJC_MSGSEND = YES;
				ENABLE_TESTABILITY = YES;
				GCC_C_LANGUAGE_STANDARD = gnu11;
				GCC_DYNAMIC_NO_PIC = NO;
				GCC_NO_COMMON_BLOCKS = YES;
				GCC_OPTIMIZATION_LEVEL = 0;
				GCC_PREPROCESSOR_DEFINITIONS = (
					"DEBUG=1",
					"$(inherited)",
				);
				GCC_WARN_64_TO_32_BIT_CONVERSION = YES;
				GCC_WARN_ABOUT_RETURN_TYPE = YES_ERROR;
				GCC_WARN_UNDECLARED_SELECTOR = YES;
				GCC_WARN_UNINITIALIZED_AUTOS = YES_AGGRESSIVE;
				GCC_WARN_UNUSED_FUNCTION = YES;
				GCC_WARN_UNUSED_VARIABLE = YES;
				MACOSX_DEPLOYMENT_TARGET = 13.1;
				MARKETING_VERSION = "$(MARKETING_VERSION)";
				MTL_ENABLE_DEBUG_INFO = INCLUDE_SOURCE;
				MTL_FAST_MATH = YES;
				ONLY_ACTIVE_ARCH = YES;
				SDKROOT = macosx;
				SWIFT_ACTIVE_COMPILATION_CONDITIONS = DEBUG;
				SWIFT_OPTIMIZATION_LEVEL = "-Onone";
			};
			name = Debug;
		};
		D978B90D299BFCB900C00D0B /* Release */ = {
			isa = XCBuildConfiguration;
			baseConfigurationReference = D984438D29E36A2A00696633 /* base.xcconfig */;
			buildSettings = {
				ALWAYS_SEARCH_USER_PATHS = NO;
				CLANG_ANALYZER_NONNULL = YES;
				CLANG_ANALYZER_NUMBER_OBJECT_CONVERSION = YES_AGGRESSIVE;
				CLANG_CXX_LANGUAGE_STANDARD = "gnu++20";
				CLANG_ENABLE_MODULES = YES;
				CLANG_ENABLE_OBJC_ARC = YES;
				CLANG_ENABLE_OBJC_WEAK = YES;
				CLANG_WARN_BLOCK_CAPTURE_AUTORELEASING = YES;
				CLANG_WARN_BOOL_CONVERSION = YES;
				CLANG_WARN_COMMA = YES;
				CLANG_WARN_CONSTANT_CONVERSION = YES;
				CLANG_WARN_DEPRECATED_OBJC_IMPLEMENTATIONS = YES;
				CLANG_WARN_DIRECT_OBJC_ISA_USAGE = YES_ERROR;
				CLANG_WARN_DOCUMENTATION_COMMENTS = YES;
				CLANG_WARN_EMPTY_BODY = YES;
				CLANG_WARN_ENUM_CONVERSION = YES;
				CLANG_WARN_INFINITE_RECURSION = YES;
				CLANG_WARN_INT_CONVERSION = YES;
				CLANG_WARN_NON_LITERAL_NULL_CONVERSION = YES;
				CLANG_WARN_OBJC_IMPLICIT_RETAIN_SELF = YES;
				CLANG_WARN_OBJC_LITERAL_CONVERSION = YES;
				CLANG_WARN_OBJC_ROOT_CLASS = YES_ERROR;
				CLANG_WARN_QUOTED_INCLUDE_IN_FRAMEWORK_HEADER = YES;
				CLANG_WARN_RANGE_LOOP_ANALYSIS = YES;
				CLANG_WARN_STRICT_PROTOTYPES = YES;
				CLANG_WARN_SUSPICIOUS_MOVE = YES;
				CLANG_WARN_UNGUARDED_AVAILABILITY = YES_AGGRESSIVE;
				CLANG_WARN_UNREACHABLE_CODE = YES;
				CLANG_WARN__DUPLICATE_METHOD_MATCH = YES;
				COPY_PHASE_STRIP = NO;
				CURRENT_PROJECT_VERSION = "$(CURRENT_PROJECT_VERSION)";
				DEAD_CODE_STRIPPING = YES;
				DEBUG_INFORMATION_FORMAT = "dwarf-with-dsym";
				DEVELOPMENT_TEAM = UD5428GZB3;
				ENABLE_NS_ASSERTIONS = NO;
				ENABLE_STRICT_OBJC_MSGSEND = YES;
				GCC_C_LANGUAGE_STANDARD = gnu11;
				GCC_NO_COMMON_BLOCKS = YES;
				GCC_WARN_64_TO_32_BIT_CONVERSION = YES;
				GCC_WARN_ABOUT_RETURN_TYPE = YES_ERROR;
				GCC_WARN_UNDECLARED_SELECTOR = YES;
				GCC_WARN_UNINITIALIZED_AUTOS = YES_AGGRESSIVE;
				GCC_WARN_UNUSED_FUNCTION = YES;
				GCC_WARN_UNUSED_VARIABLE = YES;
				MACOSX_DEPLOYMENT_TARGET = 13.1;
				MARKETING_VERSION = "$(MARKETING_VERSION)";
				MTL_ENABLE_DEBUG_INFO = NO;
				MTL_FAST_MATH = YES;
				SDKROOT = macosx;
				SWIFT_COMPILATION_MODE = wholemodule;
				SWIFT_OPTIMIZATION_LEVEL = "-O";
			};
			name = Release;
		};
		D978B90F299BFCB900C00D0B /* Debug */ = {
			isa = XCBuildConfiguration;
			buildSettings = {
				ASSETCATALOG_COMPILER_APPICON_NAME = AppIcon;
				ASSETCATALOG_COMPILER_GLOBAL_ACCENT_COLOR_NAME = AccentColor;
				ASSETCATALOG_COMPILER_INCLUDE_ALL_APPICON_ASSETS = NO;
				CODE_SIGN_ENTITLEMENTS = Captee/Captee.entitlements;
				CODE_SIGN_STYLE = Automatic;
				COMBINE_HIDPI_IMAGES = YES;
				CURRENT_PROJECT_VERSION = "$(CURRENT_PROJECT_VERSION)";
				DEAD_CODE_STRIPPING = YES;
				DEVELOPMENT_ASSET_PATHS = "\"Captee/Preview Content\"";
				ENABLE_HARDENED_RUNTIME = YES;
				ENABLE_PREVIEWS = YES;
				GENERATE_INFOPLIST_FILE = YES;
				INFOPLIST_FILE = Captee/Info.plist;
				INFOPLIST_KEY_CFBundleDisplayName = Captee;
				INFOPLIST_KEY_ITSAppUsesNonExemptEncryption = NO;
				INFOPLIST_KEY_LSApplicationCategoryType = "public.app-category.productivity";
				INFOPLIST_KEY_NSHumanReadableCopyright = "2023-2025";
				LD_RUNPATH_SEARCH_PATHS = (
					"$(inherited)",
					"@executable_path/../Frameworks",
				);
				MARKETING_VERSION = "$(MARKETING_VERSION)";
				PRODUCT_BUNDLE_IDENTIFIER = com.yummymelon.Captee;
				PRODUCT_NAME = "$(TARGET_NAME)";
				SWIFT_EMIT_LOC_STRINGS = YES;
				SWIFT_VERSION = 5.0;
				VERSIONING_SYSTEM = "apple-generic";
			};
			name = Debug;
		};
		D978B910299BFCB900C00D0B /* Release */ = {
			isa = XCBuildConfiguration;
			buildSettings = {
				ASSETCATALOG_COMPILER_APPICON_NAME = AppIcon;
				ASSETCATALOG_COMPILER_GLOBAL_ACCENT_COLOR_NAME = AccentColor;
				ASSETCATALOG_COMPILER_INCLUDE_ALL_APPICON_ASSETS = NO;
				CODE_SIGN_ENTITLEMENTS = Captee/Captee.entitlements;
				CODE_SIGN_STYLE = Automatic;
				COMBINE_HIDPI_IMAGES = YES;
				CURRENT_PROJECT_VERSION = "$(CURRENT_PROJECT_VERSION)";
				DEAD_CODE_STRIPPING = YES;
				DEVELOPMENT_ASSET_PATHS = "\"Captee/Preview Content\"";
				ENABLE_HARDENED_RUNTIME = YES;
				ENABLE_PREVIEWS = YES;
				GENERATE_INFOPLIST_FILE = YES;
				INFOPLIST_FILE = Captee/Info.plist;
				INFOPLIST_KEY_CFBundleDisplayName = Captee;
				INFOPLIST_KEY_ITSAppUsesNonExemptEncryption = NO;
				INFOPLIST_KEY_LSApplicationCategoryType = "public.app-category.productivity";
				INFOPLIST_KEY_NSHumanReadableCopyright = "2023-2025";
				LD_RUNPATH_SEARCH_PATHS = (
					"$(inherited)",
					"@executable_path/../Frameworks",
				);
				MARKETING_VERSION = "$(MARKETING_VERSION)";
				PRODUCT_BUNDLE_IDENTIFIER = com.yummymelon.Captee;
				PRODUCT_NAME = "$(TARGET_NAME)";
				SWIFT_EMIT_LOC_STRINGS = YES;
				SWIFT_VERSION = 5.0;
				VERSIONING_SYSTEM = "apple-generic";
			};
			name = Release;
		};
		D978B912299BFCB900C00D0B /* Debug */ = {
			isa = XCBuildConfiguration;
			buildSettings = {
				BUNDLE_LOADER = "$(TEST_HOST)";
				CODE_SIGN_STYLE = Automatic;
				CURRENT_PROJECT_VERSION = "$(CURRENT_PROJECT_VERSION)";
				DEAD_CODE_STRIPPING = YES;
				GENERATE_INFOPLIST_FILE = YES;
				MACOSX_DEPLOYMENT_TARGET = 13.1;
				MARKETING_VERSION = "$(MARKETING_VERSION)";
				PRODUCT_BUNDLE_IDENTIFIER = com.yummymelon.CapteeTests;
				PRODUCT_NAME = "$(TARGET_NAME)";
				SWIFT_EMIT_LOC_STRINGS = NO;
				SWIFT_VERSION = 5.0;
				TEST_HOST = "$(BUILT_PRODUCTS_DIR)/Captee.app/$(BUNDLE_EXECUTABLE_FOLDER_PATH)/Captee";
			};
			name = Debug;
		};
		D978B913299BFCB900C00D0B /* Release */ = {
			isa = XCBuildConfiguration;
			buildSettings = {
				BUNDLE_LOADER = "$(TEST_HOST)";
				CODE_SIGN_STYLE = Automatic;
				CURRENT_PROJECT_VERSION = "$(CURRENT_PROJECT_VERSION)";
				DEAD_CODE_STRIPPING = YES;
				GENERATE_INFOPLIST_FILE = YES;
				MACOSX_DEPLOYMENT_TARGET = 13.1;
				MARKETING_VERSION = "$(MARKETING_VERSION)";
				PRODUCT_BUNDLE_IDENTIFIER = com.yummymelon.CapteeTests;
				PRODUCT_NAME = "$(TARGET_NAME)";
				SWIFT_EMIT_LOC_STRINGS = NO;
				SWIFT_VERSION = 5.0;
				TEST_HOST = "$(BUILT_PRODUCTS_DIR)/Captee.app/$(BUNDLE_EXECUTABLE_FOLDER_PATH)/Captee";
			};
			name = Release;
		};
		D978B915299BFCB900C00D0B /* Debug */ = {
			isa = XCBuildConfiguration;
			buildSettings = {
				CODE_SIGN_STYLE = Automatic;
				CURRENT_PROJECT_VERSION = "$(CURRENT_PROJECT_VERSION)";
				DEAD_CODE_STRIPPING = YES;
				GENERATE_INFOPLIST_FILE = YES;
				MARKETING_VERSION = "$(MARKETING_VERSION)";
				PRODUCT_BUNDLE_IDENTIFIER = com.yummymelon.CapteeUITests;
				PRODUCT_NAME = "$(TARGET_NAME)";
				SWIFT_EMIT_LOC_STRINGS = NO;
				SWIFT_VERSION = 5.0;
				TEST_TARGET_NAME = Captee;
			};
			name = Debug;
		};
		D978B916299BFCB900C00D0B /* Release */ = {
			isa = XCBuildConfiguration;
			buildSettings = {
				CODE_SIGN_STYLE = Automatic;
				CURRENT_PROJECT_VERSION = "$(CURRENT_PROJECT_VERSION)";
				DEAD_CODE_STRIPPING = YES;
				GENERATE_INFOPLIST_FILE = YES;
				MARKETING_VERSION = "$(MARKETING_VERSION)";
				PRODUCT_BUNDLE_IDENTIFIER = com.yummymelon.CapteeUITests;
				PRODUCT_NAME = "$(TARGET_NAME)";
				SWIFT_EMIT_LOC_STRINGS = NO;
				SWIFT_VERSION = 5.0;
				TEST_TARGET_NAME = Captee;
			};
			name = Release;
		};
		D978B92A299BFD1000C00D0B /* Debug */ = {
			isa = XCBuildConfiguration;
			buildSettings = {
				ASSETCATALOG_COMPILER_APPICON_NAME = AppIcon;
				CODE_SIGN_ENTITLEMENTS = Share2Emacs/Share2Emacs.entitlements;
				CODE_SIGN_STYLE = Automatic;
				COMBINE_HIDPI_IMAGES = YES;
				CURRENT_PROJECT_VERSION = "$(CURRENT_PROJECT_VERSION)";
				DEAD_CODE_STRIPPING = YES;
				ENABLE_HARDENED_RUNTIME = YES;
				GENERATE_INFOPLIST_FILE = YES;
				INFOPLIST_FILE = Share2Emacs/Info.plist;
				INFOPLIST_KEY_CFBundleDisplayName = "Captee - Share Markup Link";
				INFOPLIST_KEY_NSHumanReadableCopyright = 2023;
				LD_RUNPATH_SEARCH_PATHS = (
					"$(inherited)",
					"@executable_path/../Frameworks",
					"@executable_path/../../../../Frameworks",
				);
				MARKETING_VERSION = "$(MARKETING_VERSION)";
				PRODUCT_BUNDLE_IDENTIFIER = com.yummymelon.Captee.Share2Emacs;
				PRODUCT_NAME = "$(TARGET_NAME)";
				SKIP_INSTALL = YES;
				SWIFT_EMIT_LOC_STRINGS = YES;
				SWIFT_VERSION = 5.0;
				VERSIONING_SYSTEM = "apple-generic";
			};
			name = Debug;
		};
		D978B92B299BFD1000C00D0B /* Release */ = {
			isa = XCBuildConfiguration;
			buildSettings = {
				ASSETCATALOG_COMPILER_APPICON_NAME = AppIcon;
				CODE_SIGN_ENTITLEMENTS = Share2Emacs/Share2Emacs.entitlements;
				CODE_SIGN_STYLE = Automatic;
				COMBINE_HIDPI_IMAGES = YES;
				CURRENT_PROJECT_VERSION = "$(CURRENT_PROJECT_VERSION)";
				DEAD_CODE_STRIPPING = YES;
				ENABLE_HARDENED_RUNTIME = YES;
				GENERATE_INFOPLIST_FILE = YES;
				INFOPLIST_FILE = Share2Emacs/Info.plist;
				INFOPLIST_KEY_CFBundleDisplayName = "Captee - Share Markup Link";
				INFOPLIST_KEY_NSHumanReadableCopyright = 2023;
				LD_RUNPATH_SEARCH_PATHS = (
					"$(inherited)",
					"@executable_path/../Frameworks",
					"@executable_path/../../../../Frameworks",
				);
				MARKETING_VERSION = "$(MARKETING_VERSION)";
				PRODUCT_BUNDLE_IDENTIFIER = com.yummymelon.Captee.Share2Emacs;
				PRODUCT_NAME = "$(TARGET_NAME)";
				SKIP_INSTALL = YES;
				SWIFT_EMIT_LOC_STRINGS = YES;
				SWIFT_VERSION = 5.0;
				VERSIONING_SYSTEM = "apple-generic";
			};
			name = Release;
		};
		D9F36E2F29A5464F00C17E5A /* Debug */ = {
			isa = XCBuildConfiguration;
			buildSettings = {
				APPLICATION_EXTENSION_API_ONLY = YES;
				CODE_SIGN_IDENTITY = "";
				CODE_SIGN_STYLE = Automatic;
				COMBINE_HIDPI_IMAGES = YES;
				CURRENT_PROJECT_VERSION = "$(CURRENT_PROJECT_VERSION)";
				DEAD_CODE_STRIPPING = YES;
				DEFINES_MODULE = YES;
				DYLIB_COMPATIBILITY_VERSION = 1;
				DYLIB_CURRENT_VERSION = 1;
				DYLIB_INSTALL_NAME_BASE = "@rpath";
				ENABLE_MODULE_VERIFIER = YES;
				GENERATE_INFOPLIST_FILE = YES;
				INFOPLIST_KEY_NSHumanReadableCopyright = 2023;
				INSTALL_PATH = "$(LOCAL_LIBRARY_DIR)/Frameworks";
				LD_RUNPATH_SEARCH_PATHS = (
					"$(inherited)",
					"@executable_path/../Frameworks",
					"@loader_path/Frameworks",
				);
				MARKETING_VERSION = "$(MARKETING_VERSION)";
				MODULE_VERIFIER_SUPPORTED_LANGUAGES = "objective-c objective-c++";
				MODULE_VERIFIER_SUPPORTED_LANGUAGE_STANDARDS = "gnu11 gnu++20";
				PRODUCT_BUNDLE_IDENTIFIER = com.yummymelon.CapteeKit;
				PRODUCT_NAME = "$(TARGET_NAME:c99extidentifier)";
				SKIP_INSTALL = YES;
				SWIFT_EMIT_LOC_STRINGS = YES;
				SWIFT_VERSION = 5.0;
				VERSIONING_SYSTEM = "apple-generic";
				VERSION_INFO_PREFIX = "";
			};
			name = Debug;
		};
		D9F36E3029A5464F00C17E5A /* Release */ = {
			isa = XCBuildConfiguration;
			buildSettings = {
				APPLICATION_EXTENSION_API_ONLY = YES;
				CODE_SIGN_IDENTITY = "";
				CODE_SIGN_STYLE = Automatic;
				COMBINE_HIDPI_IMAGES = YES;
				CURRENT_PROJECT_VERSION = "$(CURRENT_PROJECT_VERSION)";
				DEAD_CODE_STRIPPING = YES;
				DEFINES_MODULE = YES;
				DYLIB_COMPATIBILITY_VERSION = 1;
				DYLIB_CURRENT_VERSION = 1;
				DYLIB_INSTALL_NAME_BASE = "@rpath";
				ENABLE_MODULE_VERIFIER = YES;
				GENERATE_INFOPLIST_FILE = YES;
				INFOPLIST_KEY_NSHumanReadableCopyright = 2023;
				INSTALL_PATH = "$(LOCAL_LIBRARY_DIR)/Frameworks";
				LD_RUNPATH_SEARCH_PATHS = (
					"$(inherited)",
					"@executable_path/../Frameworks",
					"@loader_path/Frameworks",
				);
				MARKETING_VERSION = "$(MARKETING_VERSION)";
				MODULE_VERIFIER_SUPPORTED_LANGUAGES = "objective-c objective-c++";
				MODULE_VERIFIER_SUPPORTED_LANGUAGE_STANDARDS = "gnu11 gnu++20";
				PRODUCT_BUNDLE_IDENTIFIER = com.yummymelon.CapteeKit;
				PRODUCT_NAME = "$(TARGET_NAME:c99extidentifier)";
				SKIP_INSTALL = YES;
				SWIFT_EMIT_LOC_STRINGS = YES;
				SWIFT_VERSION = 5.0;
				VERSIONING_SYSTEM = "apple-generic";
				VERSION_INFO_PREFIX = "";
			};
			name = Release;
		};
		D9F36E3129A5464F00C17E5A /* Debug */ = {
			isa = XCBuildConfiguration;
			buildSettings = {
				CODE_SIGN_STYLE = Automatic;
				CURRENT_PROJECT_VERSION = "$(CURRENT_PROJECT_VERSION)";
				DEAD_CODE_STRIPPING = YES;
				GENERATE_INFOPLIST_FILE = YES;
				MARKETING_VERSION = "$(MARKETING_VERSION)";
				PRODUCT_BUNDLE_IDENTIFIER = com.yummymelon.CapteeKitTests;
				PRODUCT_NAME = "$(TARGET_NAME)";
				SWIFT_EMIT_LOC_STRINGS = NO;
				SWIFT_VERSION = 5.0;
			};
			name = Debug;
		};
		D9F36E3229A5464F00C17E5A /* Release */ = {
			isa = XCBuildConfiguration;
			buildSettings = {
				CODE_SIGN_STYLE = Automatic;
				CURRENT_PROJECT_VERSION = "$(CURRENT_PROJECT_VERSION)";
				DEAD_CODE_STRIPPING = YES;
				GENERATE_INFOPLIST_FILE = YES;
				MARKETING_VERSION = "$(MARKETING_VERSION)";
				PRODUCT_BUNDLE_IDENTIFIER = com.yummymelon.CapteeKitTests;
				PRODUCT_NAME = "$(TARGET_NAME)";
				SWIFT_EMIT_LOC_STRINGS = NO;
				SWIFT_VERSION = 5.0;
			};
			name = Release;
		};
		D9F6ECA129B696B4004E0040 /* Debug */ = {
			isa = XCBuildConfiguration;
			buildSettings = {
				CODE_SIGN_ENTITLEMENTS = CapteeXPCService/CapteeXPCService.entitlements;
				CODE_SIGN_STYLE = Automatic;
				COMBINE_HIDPI_IMAGES = YES;
				CURRENT_PROJECT_VERSION = "$(CURRENT_PROJECT_VERSION)";
				DEAD_CODE_STRIPPING = YES;
				ENABLE_HARDENED_RUNTIME = YES;
				GENERATE_INFOPLIST_FILE = YES;
				INFOPLIST_FILE = CapteeXPCService/Info.plist;
				INFOPLIST_KEY_CFBundleDisplayName = CapteeXPCService;
				INFOPLIST_KEY_NSHumanReadableCopyright = 2023;
				MARKETING_VERSION = "$(MARKETING_VERSION)";
				PRODUCT_BUNDLE_IDENTIFIER = com.yummymelon.CapteeXPCService;
				PRODUCT_NAME = "$(TARGET_NAME)";
				SKIP_INSTALL = YES;
				SWIFT_EMIT_LOC_STRINGS = YES;
				SWIFT_VERSION = 5.0;
			};
			name = Debug;
		};
		D9F6ECA229B696B4004E0040 /* Release */ = {
			isa = XCBuildConfiguration;
			buildSettings = {
				CODE_SIGN_ENTITLEMENTS = CapteeXPCService/CapteeXPCService.entitlements;
				CODE_SIGN_STYLE = Automatic;
				COMBINE_HIDPI_IMAGES = YES;
				CURRENT_PROJECT_VERSION = "$(CURRENT_PROJECT_VERSION)";
				DEAD_CODE_STRIPPING = YES;
				ENABLE_HARDENED_RUNTIME = YES;
				GENERATE_INFOPLIST_FILE = YES;
				INFOPLIST_FILE = CapteeXPCService/Info.plist;
				INFOPLIST_KEY_CFBundleDisplayName = CapteeXPCService;
				INFOPLIST_KEY_NSHumanReadableCopyright = 2023;
				MARKETING_VERSION = "$(MARKETING_VERSION)";
				PRODUCT_BUNDLE_IDENTIFIER = com.yummymelon.CapteeXPCService;
				PRODUCT_NAME = "$(TARGET_NAME)";
				SKIP_INSTALL = YES;
				SWIFT_EMIT_LOC_STRINGS = YES;
				SWIFT_VERSION = 5.0;
			};
			name = Release;
		};
/* End XCBuildConfiguration section */

/* Begin XCConfigurationList section */
		D978B8E4299BFCB800C00D0B /* Build configuration list for PBXProject "Captee" */ = {
			isa = XCConfigurationList;
			buildConfigurations = (
				D978B90C299BFCB900C00D0B /* Debug */,
				D978B90D299BFCB900C00D0B /* Release */,
			);
			defaultConfigurationIsVisible = 0;
			defaultConfigurationName = Release;
		};
		D978B90E299BFCB900C00D0B /* Build configuration list for PBXNativeTarget "Captee" */ = {
			isa = XCConfigurationList;
			buildConfigurations = (
				D978B90F299BFCB900C00D0B /* Debug */,
				D978B910299BFCB900C00D0B /* Release */,
			);
			defaultConfigurationIsVisible = 0;
			defaultConfigurationName = Release;
		};
		D978B911299BFCB900C00D0B /* Build configuration list for PBXNativeTarget "CapteeTests" */ = {
			isa = XCConfigurationList;
			buildConfigurations = (
				D978B912299BFCB900C00D0B /* Debug */,
				D978B913299BFCB900C00D0B /* Release */,
			);
			defaultConfigurationIsVisible = 0;
			defaultConfigurationName = Release;
		};
		D978B914299BFCB900C00D0B /* Build configuration list for PBXNativeTarget "CapteeUITests" */ = {
			isa = XCConfigurationList;
			buildConfigurations = (
				D978B915299BFCB900C00D0B /* Debug */,
				D978B916299BFCB900C00D0B /* Release */,
			);
			defaultConfigurationIsVisible = 0;
			defaultConfigurationName = Release;
		};
		D978B929299BFD1000C00D0B /* Build configuration list for PBXNativeTarget "Share2Emacs" */ = {
			isa = XCConfigurationList;
			buildConfigurations = (
				D978B92A299BFD1000C00D0B /* Debug */,
				D978B92B299BFD1000C00D0B /* Release */,
			);
			defaultConfigurationIsVisible = 0;
			defaultConfigurationName = Release;
		};
		D9F36E3329A5464F00C17E5A /* Build configuration list for PBXNativeTarget "CapteeKit" */ = {
			isa = XCConfigurationList;
			buildConfigurations = (
				D9F36E2F29A5464F00C17E5A /* Debug */,
				D9F36E3029A5464F00C17E5A /* Release */,
			);
			defaultConfigurationIsVisible = 0;
			defaultConfigurationName = Release;
		};
		D9F36E3429A5464F00C17E5A /* Build configuration list for PBXNativeTarget "CapteeKitTests" */ = {
			isa = XCConfigurationList;
			buildConfigurations = (
				D9F36E3129A5464F00C17E5A /* Debug */,
				D9F36E3229A5464F00C17E5A /* Release */,
			);
			defaultConfigurationIsVisible = 0;
			defaultConfigurationName = Release;
		};
		D9F6ECA329B696B4004E0040 /* Build configuration list for PBXNativeTarget "CapteeXPCService" */ = {
			isa = XCConfigurationList;
			buildConfigurations = (
				D9F6ECA129B696B4004E0040 /* Debug */,
				D9F6ECA229B696B4004E0040 /* Release */,
			);
			defaultConfigurationIsVisible = 0;
			defaultConfigurationName = Release;
		};
/* End XCConfigurationList section */
	};
	rootObject = D978B8E1299BFCB800C00D0B /* Project object */;
}
